
Microsoft Visual Studio Solution File, Format Version 12.00
# Visual Studio Version 17
VisualStudioVersion = 17.0.31903.59
MinimumVisualStudioVersion = 10.0.40219.1
Project("{2150E333-8FDC-42A3-9474-1A3956D46DE8}") = "contracts", "contracts", "{A1B2C3D4-0001-0001-0001-000000000001}"
EndProject
Project("{2150E333-8FDC-42A3-9474-1A3956D46DE8}") = "plugins", "plugins", "{A1B2C3D4-0001-0001-0001-000000000002}"
EndProject
Project("{2150E333-8FDC-42A3-9474-1A3956D46DE8}") = "hosts", "hosts", "{A1B2C3D4-0001-0001-0001-000000000003}"
EndProject
Project("{2150E333-8FDC-42A3-9474-1A3956D46DE8}") = "tests", "tests", "{A1B2C3D4-0001-0001-0001-000000000004}"
EndProject
Project("{2150E333-8FDC-42A3-9474-1A3956D46DE8}") = "bundles", "bundles", "{A1B2C3D4-0001-0001-0001-000000000005}"
EndProject
Project("{FAE04EC0-301F-11D3-BF4B-00C04F79EFBC}") = "App.Bundles.Contracts", "contracts\App.Bundles.Contracts\App.Bundles.Contracts.csproj", "{B1000001-0001-0001-0001-000000000001}"
EndProject
Project("{FAE04EC0-301F-11D3-BF4B-00C04F79EFBC}") = "Geosphere.Plate.Topology.Contracts", "contracts\Geosphere.Plate.Topology.Contracts\Geosphere.Plate.Topology.Contracts.csproj", "{B1000001-0010-0001-0001-000000000001}"
EndProject
Project("{FAE04EC0-301F-11D3-BF4B-00C04F79EFBC}") = "App.Bundles.Core", "plugins\App.Bundles.Core\App.Bundles.Core.csproj", "{B2000001-0001-0001-0001-000000000001}"
EndProject
Project("{FAE04EC0-301F-11D3-BF4B-00C04F79EFBC}") = "Geosphere.Plate.Topology.Materializer", "plugins\Geosphere.Plate.Topology.Materializer\Geosphere.Plate.Topology.Materializer.csproj", "{B2000001-0010-0001-0001-000000000001}"
EndProject
Project("{FAE04EC0-301F-11D3-BF4B-00C04F79EFBC}") = "Geosphere.Plate.Topology.Serializers", "plugins\Geosphere.Plate.Topology.Serializers\Geosphere.Plate.Topology.Serializers.csproj", "{B2000001-0010-0001-0001-000000000002}"
EndProject
Project("{FAE04EC0-301F-11D3-BF4B-00C04F79EFBC}") = "complete-app", "hosts\complete-app\complete-app.csproj", "{B3000001-0001-0001-0001-000000000001}"
EndProject
Project("{FAE04EC0-301F-11D3-BF4B-00C04F79EFBC}") = "App.Bundles.Tests", "tests\App.Bundles.Tests\App.Bundles.Tests.csproj", "{B4000001-0001-0001-0001-000000000001}"
EndProject
Project("{FAE04EC0-301F-11D3-BF4B-00C04F79EFBC}") = "Geosphere.Plate.Tests", "tests\Geosphere.Plate.Tests\Geosphere.Plate.Tests.csproj", "{B4000001-0010-0001-0001-000000000001}"
EndProject
Project("{FAE04EC0-301F-11D3-BF4B-00C04F79EFBC}") = "Geosphere.Plate.Testing.Storage", "tests\Geosphere.Plate.Testing.Storage\Geosphere.Plate.Testing.Storage.csproj", "{B4000001-0010-0001-0001-000000000002}"
EndProject
Project("{FAE04EC0-301F-11D3-BF4B-00C04F79EFBC}") = "Bundles.PlateViewer", "bundles\com.fantasim.plate_viewer\Bundles.PlateViewer.csproj", "{B5000001-0001-0001-0001-000000000001}"
EndProject
Project("{FAE04EC0-301F-11D3-BF4B-00C04F79EFBC}") = "World.Shared.Contracts", "contracts\World.Shared.Contracts\World.Shared.Contracts.csproj", "{ACBB5B7B-48A5-4CB4-8482-EA621A0E9852}"
EndProject
Project("{FAE04EC0-301F-11D3-BF4B-00C04F79EFBC}") = "Runtime.Des.Contracts", "contracts\Runtime.Des.Contracts\Runtime.Des.Contracts.csproj", "{128F58BC-7B69-47DB-9DC6-8F175DE23179}"
EndProject
Global
	GlobalSection(SolutionConfigurationPlatforms) = preSolution
		Debug|Any CPU = Debug|Any CPU
		Debug|x64 = Debug|x64
		Debug|x86 = Debug|x86
		ExportDebug|Any CPU = ExportDebug|Any CPU
		ExportDebug|x64 = ExportDebug|x64
		ExportDebug|x86 = ExportDebug|x86
		ExportRelease|Any CPU = ExportRelease|Any CPU
		ExportRelease|x64 = ExportRelease|x64
		ExportRelease|x86 = ExportRelease|x86
		Release|Any CPU = Release|Any CPU
		Release|x64 = Release|x64
		Release|x86 = Release|x86
	EndGlobalSection
	GlobalSection(ProjectConfigurationPlatforms) = postSolution
		{B1000001-0001-0001-0001-000000000001}.Debug|Any CPU.ActiveCfg = Debug|Any CPU
		{B1000001-0001-0001-0001-000000000001}.Debug|Any CPU.Build.0 = Debug|Any CPU
		{B1000001-0001-0001-0001-000000000001}.Debug|x64.ActiveCfg = Debug|Any CPU
		{B1000001-0001-0001-0001-000000000001}.Debug|x64.Build.0 = Debug|Any CPU
		{B1000001-0001-0001-0001-000000000001}.Debug|x86.ActiveCfg = Debug|Any CPU
		{B1000001-0001-0001-0001-000000000001}.Debug|x86.Build.0 = Debug|Any CPU
		{B1000001-0001-0001-0001-000000000001}.ExportDebug|Any CPU.ActiveCfg = Debug|Any CPU
		{B1000001-0001-0001-0001-000000000001}.ExportDebug|Any CPU.Build.0 = Debug|Any CPU
		{B1000001-0001-0001-0001-000000000001}.ExportDebug|x64.ActiveCfg = ExportDebug|Any CPU
		{B1000001-0001-0001-0001-000000000001}.ExportDebug|x64.Build.0 = ExportDebug|Any CPU
		{B1000001-0001-0001-0001-000000000001}.ExportDebug|x86.ActiveCfg = ExportDebug|Any CPU
		{B1000001-0001-0001-0001-000000000001}.ExportDebug|x86.Build.0 = ExportDebug|Any CPU
		{B1000001-0001-0001-0001-000000000001}.ExportRelease|Any CPU.ActiveCfg = Debug|Any CPU
		{B1000001-0001-0001-0001-000000000001}.ExportRelease|Any CPU.Build.0 = Debug|Any CPU
		{B1000001-0001-0001-0001-000000000001}.ExportRelease|x64.ActiveCfg = ExportRelease|Any CPU
		{B1000001-0001-0001-0001-000000000001}.ExportRelease|x64.Build.0 = ExportRelease|Any CPU
		{B1000001-0001-0001-0001-000000000001}.ExportRelease|x86.ActiveCfg = ExportRelease|Any CPU
		{B1000001-0001-0001-0001-000000000001}.ExportRelease|x86.Build.0 = ExportRelease|Any CPU
		{B1000001-0001-0001-0001-000000000001}.Release|Any CPU.ActiveCfg = Release|Any CPU
		{B1000001-0001-0001-0001-000000000001}.Release|Any CPU.Build.0 = Release|Any CPU
		{B1000001-0001-0001-0001-000000000001}.Release|x64.ActiveCfg = Release|Any CPU
		{B1000001-0001-0001-0001-000000000001}.Release|x64.Build.0 = Release|Any CPU
		{B1000001-0001-0001-0001-000000000001}.Release|x86.ActiveCfg = Release|Any CPU
		{B1000001-0001-0001-0001-000000000001}.Release|x86.Build.0 = Release|Any CPU
		{B1000001-0010-0001-0001-000000000001}.Debug|Any CPU.ActiveCfg = Debug|Any CPU
		{B1000001-0010-0001-0001-000000000001}.Debug|Any CPU.Build.0 = Debug|Any CPU
		{B1000001-0010-0001-0001-000000000001}.Debug|x64.ActiveCfg = Debug|Any CPU
		{B1000001-0010-0001-0001-000000000001}.Debug|x64.Build.0 = Debug|Any CPU
		{B1000001-0010-0001-0001-000000000001}.Debug|x86.ActiveCfg = Debug|Any CPU
		{B1000001-0010-0001-0001-000000000001}.Debug|x86.Build.0 = Debug|Any CPU
		{B1000001-0010-0001-0001-000000000001}.ExportDebug|Any CPU.ActiveCfg = Debug|Any CPU
		{B1000001-0010-0001-0001-000000000001}.ExportDebug|Any CPU.Build.0 = Debug|Any CPU
		{B1000001-0010-0001-0001-000000000001}.ExportDebug|x64.ActiveCfg = ExportDebug|Any CPU
		{B1000001-0010-0001-0001-000000000001}.ExportDebug|x64.Build.0 = ExportDebug|Any CPU
		{B1000001-0010-0001-0001-000000000001}.ExportDebug|x86.ActiveCfg = ExportDebug|Any CPU
		{B1000001-0010-0001-0001-000000000001}.ExportDebug|x86.Build.0 = ExportDebug|Any CPU
		{B1000001-0010-0001-0001-000000000001}.ExportRelease|Any CPU.ActiveCfg = Debug|Any CPU
		{B1000001-0010-0001-0001-000000000001}.ExportRelease|Any CPU.Build.0 = Debug|Any CPU
		{B1000001-0010-0001-0001-000000000001}.ExportRelease|x64.ActiveCfg = ExportRelease|Any CPU
		{B1000001-0010-0001-0001-000000000001}.ExportRelease|x64.Build.0 = ExportRelease|Any CPU
		{B1000001-0010-0001-0001-000000000001}.ExportRelease|x86.ActiveCfg = ExportRelease|Any CPU
		{B1000001-0010-0001-0001-000000000001}.ExportRelease|x86.Build.0 = ExportRelease|Any CPU
		{B1000001-0010-0001-0001-000000000001}.Release|Any CPU.ActiveCfg = Release|Any CPU
		{B1000001-0010-0001-0001-000000000001}.Release|Any CPU.Build.0 = Release|Any CPU
		{B1000001-0010-0001-0001-000000000001}.Release|x64.ActiveCfg = Release|Any CPU
		{B1000001-0010-0001-0001-000000000001}.Release|x64.Build.0 = Release|Any CPU
		{B1000001-0010-0001-0001-000000000001}.Release|x86.ActiveCfg = Release|Any CPU
		{B1000001-0010-0001-0001-000000000001}.Release|x86.Build.0 = Release|Any CPU
		{B2000001-0001-0001-0001-000000000001}.Debug|Any CPU.ActiveCfg = Debug|Any CPU
		{B2000001-0001-0001-0001-000000000001}.Debug|Any CPU.Build.0 = Debug|Any CPU
		{B2000001-0001-0001-0001-000000000001}.Debug|x64.ActiveCfg = Debug|Any CPU
		{B2000001-0001-0001-0001-000000000001}.Debug|x64.Build.0 = Debug|Any CPU
		{B2000001-0001-0001-0001-000000000001}.Debug|x86.ActiveCfg = Debug|Any CPU
		{B2000001-0001-0001-0001-000000000001}.Debug|x86.Build.0 = Debug|Any CPU
		{B2000001-0001-0001-0001-000000000001}.ExportDebug|Any CPU.ActiveCfg = Debug|Any CPU
		{B2000001-0001-0001-0001-000000000001}.ExportDebug|Any CPU.Build.0 = Debug|Any CPU
		{B2000001-0001-0001-0001-000000000001}.ExportDebug|x64.ActiveCfg = ExportDebug|Any CPU
		{B2000001-0001-0001-0001-000000000001}.ExportDebug|x64.Build.0 = ExportDebug|Any CPU
		{B2000001-0001-0001-0001-000000000001}.ExportDebug|x86.ActiveCfg = ExportDebug|Any CPU
		{B2000001-0001-0001-0001-000000000001}.ExportDebug|x86.Build.0 = ExportDebug|Any CPU
		{B2000001-0001-0001-0001-000000000001}.ExportRelease|Any CPU.ActiveCfg = Debug|Any CPU
		{B2000001-0001-0001-0001-000000000001}.ExportRelease|Any CPU.Build.0 = Debug|Any CPU
		{B2000001-0001-0001-0001-000000000001}.ExportRelease|x64.ActiveCfg = ExportRelease|Any CPU
		{B2000001-0001-0001-0001-000000000001}.ExportRelease|x64.Build.0 = ExportRelease|Any CPU
		{B2000001-0001-0001-0001-000000000001}.ExportRelease|x86.ActiveCfg = ExportRelease|Any CPU
		{B2000001-0001-0001-0001-000000000001}.ExportRelease|x86.Build.0 = ExportRelease|Any CPU
		{B2000001-0001-0001-0001-000000000001}.Release|Any CPU.ActiveCfg = Release|Any CPU
		{B2000001-0001-0001-0001-000000000001}.Release|Any CPU.Build.0 = Release|Any CPU
		{B2000001-0001-0001-0001-000000000001}.Release|x64.ActiveCfg = Release|Any CPU
		{B2000001-0001-0001-0001-000000000001}.Release|x64.Build.0 = Release|Any CPU
		{B2000001-0001-0001-0001-000000000001}.Release|x86.ActiveCfg = Release|Any CPU
		{B2000001-0001-0001-0001-000000000001}.Release|x86.Build.0 = Release|Any CPU
		{B2000001-0010-0001-0001-000000000001}.Debug|Any CPU.ActiveCfg = Debug|Any CPU
		{B2000001-0010-0001-0001-000000000001}.Debug|Any CPU.Build.0 = Debug|Any CPU
		{B2000001-0010-0001-0001-000000000001}.Debug|x64.ActiveCfg = Debug|Any CPU
		{B2000001-0010-0001-0001-000000000001}.Debug|x64.Build.0 = Debug|Any CPU
		{B2000001-0010-0001-0001-000000000001}.Debug|x86.ActiveCfg = Debug|Any CPU
		{B2000001-0010-0001-0001-000000000001}.Debug|x86.Build.0 = Debug|Any CPU
		{B2000001-0010-0001-0001-000000000001}.ExportDebug|Any CPU.ActiveCfg = Debug|Any CPU
		{B2000001-0010-0001-0001-000000000001}.ExportDebug|Any CPU.Build.0 = Debug|Any CPU
		{B2000001-0010-0001-0001-000000000001}.ExportDebug|x64.ActiveCfg = ExportDebug|Any CPU
		{B2000001-0010-0001-0001-000000000001}.ExportDebug|x64.Build.0 = ExportDebug|Any CPU
		{B2000001-0010-0001-0001-000000000001}.ExportDebug|x86.ActiveCfg = ExportDebug|Any CPU
		{B2000001-0010-0001-0001-000000000001}.ExportDebug|x86.Build.0 = ExportDebug|Any CPU
		{B2000001-0010-0001-0001-000000000001}.ExportRelease|Any CPU.ActiveCfg = Debug|Any CPU
		{B2000001-0010-0001-0001-000000000001}.ExportRelease|Any CPU.Build.0 = Debug|Any CPU
		{B2000001-0010-0001-0001-000000000001}.ExportRelease|x64.ActiveCfg = ExportRelease|Any CPU
		{B2000001-0010-0001-0001-000000000001}.ExportRelease|x64.Build.0 = ExportRelease|Any CPU
		{B2000001-0010-0001-0001-000000000001}.ExportRelease|x86.ActiveCfg = ExportRelease|Any CPU
		{B2000001-0010-0001-0001-000000000001}.ExportRelease|x86.Build.0 = ExportRelease|Any CPU
		{B2000001-0010-0001-0001-000000000001}.Release|Any CPU.ActiveCfg = Release|Any CPU
		{B2000001-0010-0001-0001-000000000001}.Release|Any CPU.Build.0 = Release|Any CPU
		{B2000001-0010-0001-0001-000000000001}.Release|x64.ActiveCfg = Release|Any CPU
		{B2000001-0010-0001-0001-000000000001}.Release|x64.Build.0 = Release|Any CPU
		{B2000001-0010-0001-0001-000000000001}.Release|x86.ActiveCfg = Release|Any CPU
		{B2000001-0010-0001-0001-000000000001}.Release|x86.Build.0 = Release|Any CPU
		{B2000001-0010-0001-0001-000000000002}.Debug|Any CPU.ActiveCfg = Debug|Any CPU
		{B2000001-0010-0001-0001-000000000002}.Debug|Any CPU.Build.0 = Debug|Any CPU
		{B2000001-0010-0001-0001-000000000002}.Debug|x64.ActiveCfg = Debug|Any CPU
		{B2000001-0010-0001-0001-000000000002}.Debug|x64.Build.0 = Debug|Any CPU
		{B2000001-0010-0001-0001-000000000002}.Debug|x86.ActiveCfg = Debug|Any CPU
		{B2000001-0010-0001-0001-000000000002}.Debug|x86.Build.0 = Debug|Any CPU
		{B2000001-0010-0001-0001-000000000002}.ExportDebug|Any CPU.ActiveCfg = Debug|Any CPU
		{B2000001-0010-0001-0001-000000000002}.ExportDebug|Any CPU.Build.0 = Debug|Any CPU
		{B2000001-0010-0001-0001-000000000002}.ExportDebug|x64.ActiveCfg = ExportDebug|Any CPU
		{B2000001-0010-0001-0001-000000000002}.ExportDebug|x64.Build.0 = ExportDebug|Any CPU
		{B2000001-0010-0001-0001-000000000002}.ExportDebug|x86.ActiveCfg = ExportDebug|Any CPU
		{B2000001-0010-0001-0001-000000000002}.ExportDebug|x86.Build.0 = ExportDebug|Any CPU
		{B2000001-0010-0001-0001-000000000002}.ExportRelease|Any CPU.ActiveCfg = Debug|Any CPU
		{B2000001-0010-0001-0001-000000000002}.ExportRelease|Any CPU.Build.0 = Debug|Any CPU
		{B2000001-0010-0001-0001-000000000002}.ExportRelease|x64.ActiveCfg = ExportRelease|Any CPU
		{B2000001-0010-0001-0001-000000000002}.ExportRelease|x64.Build.0 = ExportRelease|Any CPU
		{B2000001-0010-0001-0001-000000000002}.ExportRelease|x86.ActiveCfg = ExportRelease|Any CPU
		{B2000001-0010-0001-0001-000000000002}.ExportRelease|x86.Build.0 = ExportRelease|Any CPU
		{B2000001-0010-0001-0001-000000000002}.Release|Any CPU.ActiveCfg = Release|Any CPU
		{B2000001-0010-0001-0001-000000000002}.Release|Any CPU.Build.0 = Release|Any CPU
		{B2000001-0010-0001-0001-000000000002}.Release|x64.ActiveCfg = Release|Any CPU
		{B2000001-0010-0001-0001-000000000002}.Release|x64.Build.0 = Release|Any CPU
		{B2000001-0010-0001-0001-000000000002}.Release|x86.ActiveCfg = Release|Any CPU
		{B2000001-0010-0001-0001-000000000002}.Release|x86.Build.0 = Release|Any CPU
		{B3000001-0001-0001-0001-000000000001}.Debug|Any CPU.ActiveCfg = Debug|Any CPU
		{B3000001-0001-0001-0001-000000000001}.Debug|Any CPU.Build.0 = Debug|Any CPU
		{B3000001-0001-0001-0001-000000000001}.Debug|x64.ActiveCfg = Debug|Any CPU
		{B3000001-0001-0001-0001-000000000001}.Debug|x64.Build.0 = Debug|Any CPU
		{B3000001-0001-0001-0001-000000000001}.Debug|x86.ActiveCfg = Debug|Any CPU
		{B3000001-0001-0001-0001-000000000001}.Debug|x86.Build.0 = Debug|Any CPU
		{B3000001-0001-0001-0001-000000000001}.ExportDebug|Any CPU.ActiveCfg = ExportDebug|Any CPU
		{B3000001-0001-0001-0001-000000000001}.ExportDebug|Any CPU.Build.0 = ExportDebug|Any CPU
		{B3000001-0001-0001-0001-000000000001}.ExportDebug|x64.ActiveCfg = ExportDebug|Any CPU
		{B3000001-0001-0001-0001-000000000001}.ExportDebug|x64.Build.0 = ExportDebug|Any CPU
		{B3000001-0001-0001-0001-000000000001}.ExportDebug|x86.ActiveCfg = ExportDebug|Any CPU
		{B3000001-0001-0001-0001-000000000001}.ExportDebug|x86.Build.0 = ExportDebug|Any CPU
		{B3000001-0001-0001-0001-000000000001}.ExportRelease|Any CPU.ActiveCfg = ExportRelease|Any CPU
		{B3000001-0001-0001-0001-000000000001}.ExportRelease|Any CPU.Build.0 = ExportRelease|Any CPU
		{B3000001-0001-0001-0001-000000000001}.ExportRelease|x64.ActiveCfg = ExportRelease|Any CPU
		{B3000001-0001-0001-0001-000000000001}.ExportRelease|x64.Build.0 = ExportRelease|Any CPU
		{B3000001-0001-0001-0001-000000000001}.ExportRelease|x86.ActiveCfg = ExportRelease|Any CPU
		{B3000001-0001-0001-0001-000000000001}.ExportRelease|x86.Build.0 = ExportRelease|Any CPU
		{B3000001-0001-0001-0001-000000000001}.Release|Any CPU.ActiveCfg = Release|Any CPU
		{B3000001-0001-0001-0001-000000000001}.Release|Any CPU.Build.0 = Release|Any CPU
		{B3000001-0001-0001-0001-000000000001}.Release|x64.ActiveCfg = Release|Any CPU
		{B3000001-0001-0001-0001-000000000001}.Release|x64.Build.0 = Release|Any CPU
		{B3000001-0001-0001-0001-000000000001}.Release|x86.ActiveCfg = Release|Any CPU
		{B3000001-0001-0001-0001-000000000001}.Release|x86.Build.0 = Release|Any CPU
		{B4000001-0001-0001-0001-000000000001}.Debug|Any CPU.ActiveCfg = Debug|Any CPU
		{B4000001-0001-0001-0001-000000000001}.Debug|Any CPU.Build.0 = Debug|Any CPU
		{B4000001-0001-0001-0001-000000000001}.Debug|x64.ActiveCfg = Debug|Any CPU
		{B4000001-0001-0001-0001-000000000001}.Debug|x64.Build.0 = Debug|Any CPU
		{B4000001-0001-0001-0001-000000000001}.Debug|x86.ActiveCfg = Debug|Any CPU
		{B4000001-0001-0001-0001-000000000001}.Debug|x86.Build.0 = Debug|Any CPU
		{B4000001-0001-0001-0001-000000000001}.ExportDebug|Any CPU.ActiveCfg = Debug|Any CPU
		{B4000001-0001-0001-0001-000000000001}.ExportDebug|Any CPU.Build.0 = Debug|Any CPU
		{B4000001-0001-0001-0001-000000000001}.ExportDebug|x64.ActiveCfg = ExportDebug|Any CPU
		{B4000001-0001-0001-0001-000000000001}.ExportDebug|x64.Build.0 = ExportDebug|Any CPU
		{B4000001-0001-0001-0001-000000000001}.ExportDebug|x86.ActiveCfg = ExportDebug|Any CPU
		{B4000001-0001-0001-0001-000000000001}.ExportDebug|x86.Build.0 = ExportDebug|Any CPU
		{B4000001-0001-0001-0001-000000000001}.ExportRelease|Any CPU.ActiveCfg = Debug|Any CPU
		{B4000001-0001-0001-0001-000000000001}.ExportRelease|Any CPU.Build.0 = Debug|Any CPU
		{B4000001-0001-0001-0001-000000000001}.ExportRelease|x64.ActiveCfg = ExportRelease|Any CPU
		{B4000001-0001-0001-0001-000000000001}.ExportRelease|x64.Build.0 = ExportRelease|Any CPU
		{B4000001-0001-0001-0001-000000000001}.ExportRelease|x86.ActiveCfg = ExportRelease|Any CPU
		{B4000001-0001-0001-0001-000000000001}.ExportRelease|x86.Build.0 = ExportRelease|Any CPU
		{B4000001-0001-0001-0001-000000000001}.Release|Any CPU.ActiveCfg = Release|Any CPU
		{B4000001-0001-0001-0001-000000000001}.Release|Any CPU.Build.0 = Release|Any CPU
		{B4000001-0001-0001-0001-000000000001}.Release|x64.ActiveCfg = Release|Any CPU
		{B4000001-0001-0001-0001-000000000001}.Release|x64.Build.0 = Release|Any CPU
		{B4000001-0001-0001-0001-000000000001}.Release|x86.ActiveCfg = Release|Any CPU
		{B4000001-0001-0001-0001-000000000001}.Release|x86.Build.0 = Release|Any CPU
		{B4000001-0010-0001-0001-000000000001}.Debug|Any CPU.ActiveCfg = Debug|Any CPU
		{B4000001-0010-0001-0001-000000000001}.Debug|Any CPU.Build.0 = Debug|Any CPU
		{B4000001-0010-0001-0001-000000000001}.Debug|x64.ActiveCfg = Debug|Any CPU
		{B4000001-0010-0001-0001-000000000001}.Debug|x64.Build.0 = Debug|Any CPU
		{B4000001-0010-0001-0001-000000000001}.Debug|x86.ActiveCfg = Debug|Any CPU
		{B4000001-0010-0001-0001-000000000001}.Debug|x86.Build.0 = Debug|Any CPU
		{B4000001-0010-0001-0001-000000000001}.ExportDebug|Any CPU.ActiveCfg = Debug|Any CPU
		{B4000001-0010-0001-0001-000000000001}.ExportDebug|Any CPU.Build.0 = Debug|Any CPU
		{B4000001-0010-0001-0001-000000000001}.ExportDebug|x64.ActiveCfg = ExportDebug|Any CPU
		{B4000001-0010-0001-0001-000000000001}.ExportDebug|x64.Build.0 = ExportDebug|Any CPU
		{B4000001-0010-0001-0001-000000000001}.ExportDebug|x86.ActiveCfg = ExportDebug|Any CPU
		{B4000001-0010-0001-0001-000000000001}.ExportDebug|x86.Build.0 = ExportDebug|Any CPU
		{B4000001-0010-0001-0001-000000000001}.ExportRelease|Any CPU.ActiveCfg = Debug|Any CPU
		{B4000001-0010-0001-0001-000000000001}.ExportRelease|Any CPU.Build.0 = Debug|Any CPU
		{B4000001-0010-0001-0001-000000000001}.ExportRelease|x64.ActiveCfg = ExportRelease|Any CPU
		{B4000001-0010-0001-0001-000000000001}.ExportRelease|x64.Build.0 = ExportRelease|Any CPU
		{B4000001-0010-0001-0001-000000000001}.ExportRelease|x86.ActiveCfg = ExportRelease|Any CPU
		{B4000001-0010-0001-0001-000000000001}.ExportRelease|x86.Build.0 = ExportRelease|Any CPU
		{B4000001-0010-0001-0001-000000000001}.Release|Any CPU.ActiveCfg = Release|Any CPU
		{B4000001-0010-0001-0001-000000000001}.Release|Any CPU.Build.0 = Release|Any CPU
		{B4000001-0010-0001-0001-000000000001}.Release|x64.ActiveCfg = Release|Any CPU
		{B4000001-0010-0001-0001-000000000001}.Release|x64.Build.0 = Release|Any CPU
		{B4000001-0010-0001-0001-000000000001}.Release|x86.ActiveCfg = Release|Any CPU
		{B4000001-0010-0001-0001-000000000001}.Release|x86.Build.0 = Release|Any CPU
		{B4000001-0010-0001-0001-000000000002}.Debug|Any CPU.ActiveCfg = Debug|Any CPU
		{B4000001-0010-0001-0001-000000000002}.Debug|Any CPU.Build.0 = Debug|Any CPU
		{B4000001-0010-0001-0001-000000000002}.Debug|x64.ActiveCfg = Debug|Any CPU
		{B4000001-0010-0001-0001-000000000002}.Debug|x64.Build.0 = Debug|Any CPU
		{B4000001-0010-0001-0001-000000000002}.Debug|x86.ActiveCfg = Debug|Any CPU
		{B4000001-0010-0001-0001-000000000002}.Debug|x86.Build.0 = Debug|Any CPU
		{B4000001-0010-0001-0001-000000000002}.ExportDebug|Any CPU.ActiveCfg = Debug|Any CPU
		{B4000001-0010-0001-0001-000000000002}.ExportDebug|Any CPU.Build.0 = Debug|Any CPU
		{B4000001-0010-0001-0001-000000000002}.ExportDebug|x64.ActiveCfg = ExportDebug|Any CPU
		{B4000001-0010-0001-0001-000000000002}.ExportDebug|x64.Build.0 = ExportDebug|Any CPU
		{B4000001-0010-0001-0001-000000000002}.ExportDebug|x86.ActiveCfg = ExportDebug|Any CPU
		{B4000001-0010-0001-0001-000000000002}.ExportDebug|x86.Build.0 = ExportDebug|Any CPU
		{B4000001-0010-0001-0001-000000000002}.ExportRelease|Any CPU.ActiveCfg = Debug|Any CPU
		{B4000001-0010-0001-0001-000000000002}.ExportRelease|Any CPU.Build.0 = Debug|Any CPU
		{B4000001-0010-0001-0001-000000000002}.ExportRelease|x64.ActiveCfg = ExportRelease|Any CPU
		{B4000001-0010-0001-0001-000000000002}.ExportRelease|x64.Build.0 = ExportRelease|Any CPU
		{B4000001-0010-0001-0001-000000000002}.ExportRelease|x86.ActiveCfg = ExportRelease|Any CPU
		{B4000001-0010-0001-0001-000000000002}.ExportRelease|x86.Build.0 = ExportRelease|Any CPU
		{B4000001-0010-0001-0001-000000000002}.Release|Any CPU.ActiveCfg = Release|Any CPU
		{B4000001-0010-0001-0001-000000000002}.Release|Any CPU.Build.0 = Release|Any CPU
		{B4000001-0010-0001-0001-000000000002}.Release|x64.ActiveCfg = Release|Any CPU
		{B4000001-0010-0001-0001-000000000002}.Release|x64.Build.0 = Release|Any CPU
		{B4000001-0010-0001-0001-000000000002}.Release|x86.ActiveCfg = Release|Any CPU
		{B4000001-0010-0001-0001-000000000002}.Release|x86.Build.0 = Release|Any CPU
		{B5000001-0001-0001-0001-000000000001}.Debug|Any CPU.ActiveCfg = Debug|Any CPU
		{B5000001-0001-0001-0001-000000000001}.Debug|Any CPU.Build.0 = Debug|Any CPU
		{B5000001-0001-0001-0001-000000000001}.Debug|x64.ActiveCfg = Debug|Any CPU
		{B5000001-0001-0001-0001-000000000001}.Debug|x64.Build.0 = Debug|Any CPU
		{B5000001-0001-0001-0001-000000000001}.Debug|x86.ActiveCfg = Debug|Any CPU
		{B5000001-0001-0001-0001-000000000001}.Debug|x86.Build.0 = Debug|Any CPU
		{B5000001-0001-0001-0001-000000000001}.ExportDebug|Any CPU.ActiveCfg = Debug|Any CPU
		{B5000001-0001-0001-0001-000000000001}.ExportDebug|Any CPU.Build.0 = Debug|Any CPU
		{B5000001-0001-0001-0001-000000000001}.ExportDebug|x64.ActiveCfg = ExportDebug|Any CPU
		{B5000001-0001-0001-0001-000000000001}.ExportDebug|x64.Build.0 = ExportDebug|Any CPU
		{B5000001-0001-0001-0001-000000000001}.ExportDebug|x86.ActiveCfg = ExportDebug|Any CPU
		{B5000001-0001-0001-0001-000000000001}.ExportDebug|x86.Build.0 = ExportDebug|Any CPU
		{B5000001-0001-0001-0001-000000000001}.ExportRelease|Any CPU.ActiveCfg = Debug|Any CPU
		{B5000001-0001-0001-0001-000000000001}.ExportRelease|Any CPU.Build.0 = Debug|Any CPU
		{B5000001-0001-0001-0001-000000000001}.ExportRelease|x64.ActiveCfg = ExportRelease|Any CPU
		{B5000001-0001-0001-0001-000000000001}.ExportRelease|x64.Build.0 = ExportRelease|Any CPU
		{B5000001-0001-0001-0001-000000000001}.ExportRelease|x86.ActiveCfg = ExportRelease|Any CPU
		{B5000001-0001-0001-0001-000000000001}.ExportRelease|x86.Build.0 = ExportRelease|Any CPU
		{B5000001-0001-0001-0001-000000000001}.Release|Any CPU.ActiveCfg = Release|Any CPU
		{B5000001-0001-0001-0001-000000000001}.Release|Any CPU.Build.0 = Release|Any CPU
		{B5000001-0001-0001-0001-000000000001}.Release|x64.ActiveCfg = Release|Any CPU
		{B5000001-0001-0001-0001-000000000001}.Release|x64.Build.0 = Release|Any CPU
		{B5000001-0001-0001-0001-000000000001}.Release|x86.ActiveCfg = Release|Any CPU
		{B5000001-0001-0001-0001-000000000001}.Release|x86.Build.0 = Release|Any CPU
		{ACBB5B7B-48A5-4CB4-8482-EA621A0E9852}.Debug|Any CPU.ActiveCfg = Debug|Any CPU
		{ACBB5B7B-48A5-4CB4-8482-EA621A0E9852}.Debug|Any CPU.Build.0 = Debug|Any CPU
		{ACBB5B7B-48A5-4CB4-8482-EA621A0E9852}.Debug|x64.ActiveCfg = Debug|Any CPU
		{ACBB5B7B-48A5-4CB4-8482-EA621A0E9852}.Debug|x64.Build.0 = Debug|Any CPU
		{ACBB5B7B-48A5-4CB4-8482-EA621A0E9852}.Debug|x86.ActiveCfg = Debug|Any CPU
		{ACBB5B7B-48A5-4CB4-8482-EA621A0E9852}.Debug|x86.Build.0 = Debug|Any CPU
		{ACBB5B7B-48A5-4CB4-8482-EA621A0E9852}.ExportDebug|Any CPU.ActiveCfg = Debug|Any CPU
		{ACBB5B7B-48A5-4CB4-8482-EA621A0E9852}.ExportDebug|Any CPU.Build.0 = Debug|Any CPU
		{ACBB5B7B-48A5-4CB4-8482-EA621A0E9852}.ExportDebug|x64.ActiveCfg = Debug|Any CPU
		{ACBB5B7B-48A5-4CB4-8482-EA621A0E9852}.ExportDebug|x64.Build.0 = Debug|Any CPU
		{ACBB5B7B-48A5-4CB4-8482-EA621A0E9852}.ExportDebug|x86.ActiveCfg = Debug|Any CPU
		{ACBB5B7B-48A5-4CB4-8482-EA621A0E9852}.ExportDebug|x86.Build.0 = Debug|Any CPU
		{ACBB5B7B-48A5-4CB4-8482-EA621A0E9852}.ExportRelease|Any CPU.ActiveCfg = Debug|Any CPU
		{ACBB5B7B-48A5-4CB4-8482-EA621A0E9852}.ExportRelease|Any CPU.Build.0 = Debug|Any CPU
		{ACBB5B7B-48A5-4CB4-8482-EA621A0E9852}.ExportRelease|x64.ActiveCfg = Debug|Any CPU
		{ACBB5B7B-48A5-4CB4-8482-EA621A0E9852}.ExportRelease|x64.Build.0 = Debug|Any CPU
		{ACBB5B7B-48A5-4CB4-8482-EA621A0E9852}.ExportRelease|x86.ActiveCfg = Debug|Any CPU
		{ACBB5B7B-48A5-4CB4-8482-EA621A0E9852}.ExportRelease|x86.Build.0 = Debug|Any CPU
		{ACBB5B7B-48A5-4CB4-8482-EA621A0E9852}.Release|Any CPU.ActiveCfg = Release|Any CPU
		{ACBB5B7B-48A5-4CB4-8482-EA621A0E9852}.Release|Any CPU.Build.0 = Release|Any CPU
		{ACBB5B7B-48A5-4CB4-8482-EA621A0E9852}.Release|x64.ActiveCfg = Release|Any CPU
		{ACBB5B7B-48A5-4CB4-8482-EA621A0E9852}.Release|x64.Build.0 = Release|Any CPU
		{ACBB5B7B-48A5-4CB4-8482-EA621A0E9852}.Release|x86.ActiveCfg = Release|Any CPU
		{ACBB5B7B-48A5-4CB4-8482-EA621A0E9852}.Release|x86.Build.0 = Release|Any CPU
		{128F58BC-7B69-47DB-9DC6-8F175DE23179}.Debug|Any CPU.ActiveCfg = Debug|Any CPU
		{128F58BC-7B69-47DB-9DC6-8F175DE23179}.Debug|Any CPU.Build.0 = Debug|Any CPU
		{128F58BC-7B69-47DB-9DC6-8F175DE23179}.Debug|x64.ActiveCfg = Debug|Any CPU
		{128F58BC-7B69-47DB-9DC6-8F175DE23179}.Debug|x64.Build.0 = Debug|Any CPU
		{128F58BC-7B69-47DB-9DC6-8F175DE23179}.Debug|x86.ActiveCfg = Debug|Any CPU
		{128F58BC-7B69-47DB-9DC6-8F175DE23179}.Debug|x86.Build.0 = Debug|Any CPU
		{128F58BC-7B69-47DB-9DC6-8F175DE23179}.ExportDebug|Any CPU.ActiveCfg = Debug|Any CPU
		{128F58BC-7B69-47DB-9DC6-8F175DE23179}.ExportDebug|Any CPU.Build.0 = Debug|Any CPU
		{128F58BC-7B69-47DB-9DC6-8F175DE23179}.ExportDebug|x64.ActiveCfg = Debug|Any CPU
		{128F58BC-7B69-47DB-9DC6-8F175DE23179}.ExportDebug|x64.Build.0 = Debug|Any CPU
		{128F58BC-7B69-47DB-9DC6-8F175DE23179}.ExportDebug|x86.ActiveCfg = Debug|Any CPU
		{128F58BC-7B69-47DB-9DC6-8F175DE23179}.ExportDebug|x86.Build.0 = Debug|Any CPU
		{128F58BC-7B69-47DB-9DC6-8F175DE23179}.ExportRelease|Any CPU.ActiveCfg = Debug|Any CPU
		{128F58BC-7B69-47DB-9DC6-8F175DE23179}.ExportRelease|Any CPU.Build.0 = Debug|Any CPU
		{128F58BC-7B69-47DB-9DC6-8F175DE23179}.ExportRelease|x64.ActiveCfg = Debug|Any CPU
		{128F58BC-7B69-47DB-9DC6-8F175DE23179}.ExportRelease|x64.Build.0 = Debug|Any CPU
		{128F58BC-7B69-47DB-9DC6-8F175DE23179}.ExportRelease|x86.ActiveCfg = Debug|Any CPU
		{128F58BC-7B69-47DB-9DC6-8F175DE23179}.ExportRelease|x86.Build.0 = Debug|Any CPU
		{128F58BC-7B69-47DB-9DC6-8F175DE23179}.Release|Any CPU.ActiveCfg = Release|Any CPU
		{128F58BC-7B69-47DB-9DC6-8F175DE23179}.Release|Any CPU.Build.0 = Release|Any CPU
		{128F58BC-7B69-47DB-9DC6-8F175DE23179}.Release|x64.ActiveCfg = Release|Any CPU
		{128F58BC-7B69-47DB-9DC6-8F175DE23179}.Release|x64.Build.0 = Release|Any CPU
		{128F58BC-7B69-47DB-9DC6-8F175DE23179}.Release|x86.ActiveCfg = Release|Any CPU
		{128F58BC-7B69-47DB-9DC6-8F175DE23179}.Release|x86.Build.0 = Release|Any CPU
	EndGlobalSection
	GlobalSection(SolutionProperties) = preSolution
		HideSolutionNode = FALSE
	EndGlobalSection
	GlobalSection(NestedProjects) = preSolution
		{B1000001-0001-0001-0001-000000000001} = {A1B2C3D4-0001-0001-0001-000000000001}
		{B1000001-0010-0001-0001-000000000001} = {A1B2C3D4-0001-0001-0001-000000000001}
		{B2000001-0001-0001-0001-000000000001} = {A1B2C3D4-0001-0001-0001-000000000002}
		{B2000001-0010-0001-0001-000000000001} = {A1B2C3D4-0001-0001-0001-000000000002}
		{B2000001-0010-0001-0001-000000000002} = {A1B2C3D4-0001-0001-0001-000000000002}
		{B3000001-0001-0001-0001-000000000001} = {A1B2C3D4-0001-0001-0001-000000000003}
		{B4000001-0001-0001-0001-000000000001} = {A1B2C3D4-0001-0001-0001-000000000004}
		{B4000001-0010-0001-0001-000000000001} = {A1B2C3D4-0001-0001-0001-000000000004}
		{B4000001-0010-0001-0001-000000000002} = {A1B2C3D4-0001-0001-0001-000000000004}
		{B5000001-0001-0001-0001-000000000001} = {A1B2C3D4-0001-0001-0001-000000000005}
		{ACBB5B7B-48A5-4CB4-8482-EA621A0E9852} = {A1B2C3D4-0001-0001-0001-000000000001}
		{128F58BC-7B69-47DB-9DC6-8F175DE23179} = {A1B2C3D4-0001-0001-0001-000000000001}
	EndGlobalSection
EndGlobal
