
Microsoft Visual Studio Solution File, Format Version 12.00
# Visual Studio Version 17
VisualStudioVersion = 17.0.31903.59
MinimumVisualStudioVersion = 10.0.40219.1
Project("{2150E333-8FDC-42A3-9474-1A3956D46DE8}") = "contracts", "contracts", "{A1B2C3D4-0001-0001-0001-000000000001}"
EndProject
Project("{2150E333-8FDC-42A3-9474-1A3956D46DE8}") = "plugins", "plugins", "{A1B2C3D4-0001-0001-0001-000000000002}"
EndProject
Project("{2150E333-8FDC-42A3-9474-1A3956D46DE8}") = "hosts", "hosts", "{A1B2C3D4-0001-0001-0001-000000000003}"
EndProject
Project("{2150E333-8FDC-42A3-9474-1A3956D46DE8}") = "tests", "tests", "{A1B2C3D4-0001-0001-0001-000000000004}"
EndProject
Project("{2150E333-8FDC-42A3-9474-1A3956D46DE8}") = "bundles", "bundles", "{A1B2C3D4-0001-0001-0001-000000000005}"
EndProject
Project("{FAE04EC0-301F-11D3-BF4B-00C04F79EFBC}") = "App.Bundles.Contracts", "contracts\App.Bundles.Contracts\App.Bundles.Contracts.csproj", "{B1000001-0001-0001-0001-000000000001}"
EndProject
Project("{FAE04EC0-301F-11D3-BF4B-00C04F79EFBC}") = "Geosphere.Plate.Topology.Contracts", "contracts\Geosphere.Plate.Topology.Contracts\Geosphere.Plate.Topology.Contracts.csproj", "{B1000001-0010-0001-0001-000000000001}"
EndProject
Project("{FAE04EC0-301F-11D3-BF4B-00C04F79EFBC}") = "App.Bundles.Core", "plugins\App.Bundles.Core\App.Bundles.Core.csproj", "{B2000001-0001-0001-0001-000000000001}"
EndProject
Project("{FAE04EC0-301F-11D3-BF4B-00C04F79EFBC}") = "Geosphere.Plate.Topology.Materializer", "plugins\Geosphere.Plate.Topology.Materializer\Geosphere.Plate.Topology.Materializer.csproj", "{B2000001-0010-0001-0001-000000000001}"
EndProject
Project("{FAE04EC0-301F-11D3-BF4B-00C04F79EFBC}") = "Geosphere.Plate.Topology.Serializers", "plugins\Geosphere.Plate.Topology.Serializers\Geosphere.Plate.Topology.Serializers.csproj", "{B2000001-0010-0001-0001-000000000002}"
EndProject
Project("{FAE04EC0-301F-11D3-BF4B-00C04F79EFBC}") = "complete-app", "hosts\complete-app\complete-app.csproj", "{B3000001-0001-0001-0001-000000000001}"
EndProject
Project("{FAE04EC0-301F-11D3-BF4B-00C04F79EFBC}") = "App.Bundles.Tests", "tests\App.Bundles.Tests\App.Bundles.Tests.csproj", "{B4000001-0001-0001-0001-000000000001}"
EndProject
Project("{FAE04EC0-301F-11D3-BF4B-00C04F79EFBC}") = "Geosphere.Plate.Tests", "tests\Geosphere.Plate.Tests\Geosphere.Plate.Tests.csproj", "{B4000001-0010-0001-0001-000000000001}"
EndProject
Project("{FAE04EC0-301F-11D3-BF4B-00C04F79EFBC}") = "Geosphere.Plate.Testing.Storage", "tests\Geosphere.Plate.Testing.Storage\Geosphere.Plate.Testing.Storage.csproj", "{B4000001-0010-0001-0001-000000000002}"
EndProject
Project("{FAE04EC0-301F-11D3-BF4B-00C04F79EFBC}") = "Bundles.PlateViewer", "bundles\com.fantasim.plate_viewer\Bundles.PlateViewer.csproj", "{B5000001-0001-0001-0001-000000000001}"
EndProject
Project("{FAE04EC0-301F-11D3-BF4B-00C04F79EFBC}") = "World.Shared.Contracts", "contracts\World.Shared.Contracts\World.Shared.Contracts.csproj", "{ACBB5B7B-48A5-4CB4-8482-EA621A0E9852}"
EndProject
Project("{FAE04EC0-301F-11D3-BF4B-00C04F79EFBC}") = "Runtime.Des.Contracts", "contracts\Runtime.Des.Contracts\Runtime.Des.Contracts.csproj", "{128F58BC-7B69-47DB-9DC6-8F175DE23179}"
EndProject
Project("{FAE04EC0-301F-11D3-BF4B-00C04F79EFBC}") = "Runtime.Des", "plugins\Runtime.Des\Runtime.Des.csproj", "{47F55626-6FDB-46FF-B94D-10B7B5AAF14B}"
EndProject
Project("{FAE04EC0-301F-11D3-BF4B-00C04F79EFBC}") = "Runtime.Des.Tests", "tests\Runtime.Des.Tests\Runtime.Des.Tests.csproj", "{B7768550-7F0F-4A8B-B880-3F85379C06F1}"
EndProject
Project("{FAE04EC0-301F-11D3-BF4B-00C04F79EFBC}") = "Geosphere.Plate.Kinematics.Contracts", "contracts\Geosphere.Plate.Kinematics.Contracts\Geosphere.Plate.Kinematics.Contracts.csproj", "{713F0ABE-284E-410B-B61C-13449BE43531}"
EndProject
Project("{FAE04EC0-301F-11D3-BF4B-00C04F79EFBC}") = "Geosphere.Plate.Kinematics.Materializer", "plugins\Geosphere.Plate.Kinematics.Materializer\Geosphere.Plate.Kinematics.Materializer.csproj", "{85C7E753-C0F6-43A4-98F8-97EA0ADA9875}"
EndProject
Project("{FAE04EC0-301F-11D3-BF4B-00C04F79EFBC}") = "Geosphere.Plate.Kinematics.Tests", "tests\Geosphere.Plate.Kinematics.Tests\Geosphere.Plate.Kinematics.Tests.csproj", "{2607B314-AA56-492C-920E-9D2361EFECDF}"
EndProject
Project("{FAE04EC0-301F-11D3-BF4B-00C04F79EFBC}") = "Geosphere.Plate.Kinematics.Serializers", "plugins\Geosphere.Plate.Kinematics.Serializers\Geosphere.Plate.Kinematics.Serializers.csproj", "{1E1433A4-886C-43F2-900A-64210E5DC001}"
EndProject
Project("{FAE04EC0-301F-11D3-BF4B-00C04F79EFBC}") = "Space.Stellar.Contracts", "contracts\Space.Stellar.Contracts\Space.Stellar.Contracts.csproj", "{1CAC4196-BF6E-4ADC-A397-741BE2322A9C}"
EndProject
Project("{FAE04EC0-301F-11D3-BF4B-00C04F79EFBC}") = "UnifySerialization.Generators", "..\..\..\plate-projects\unify-serialization\dotnet\src\UnifySerialization.Generators\UnifySerialization.Generators.csproj", "{65A26A22-3DEB-4F88-AEAE-B6AF910D746E}"
EndProject
Project("{FAE04EC0-301F-11D3-BF4B-00C04F79EFBC}") = "UnifySerialization.Abstractions", "..\..\..\plate-projects\unify-serialization\dotnet\src\UnifySerialization.Abstractions\UnifySerialization.Abstractions.csproj", "{EC5B198A-A6B4-4D7A-B4C3-65ED21AD8F04}"
EndProject
Project("{FAE04EC0-301F-11D3-BF4B-00C04F79EFBC}") = "Geosphere.Plate.Polygonization.Contracts", "contracts\Geosphere.Plate.Polygonization.Contracts\Geosphere.Plate.Polygonization.Contracts.csproj", "{69C9F61C-5644-47F8-9024-173E329CF381}"
EndProject
Project("{FAE04EC0-301F-11D3-BF4B-00C04F79EFBC}") = "Geosphere.Plate.Velocity.Contracts", "contracts\Geosphere.Plate.Velocity.Contracts\Geosphere.Plate.Velocity.Contracts.csproj", "{3CF05FCE-F9DE-4480-BF2B-C131119532A9}"
EndProject
Project("{FAE04EC0-301F-11D3-BF4B-00C04F79EFBC}") = "Geosphere.Plate.Partition.Contracts", "contracts\Geosphere.Plate.Partition.Contracts\Geosphere.Plate.Partition.Contracts.csproj", "{B98613A8-7E53-4D43-93B6-68BB40A1C5AE}"
EndProject
Project("{FAE04EC0-301F-11D3-BF4B-00C04F79EFBC}") = "Geosphere.Plate.Motion.Contracts", "contracts\Geosphere.Plate.Motion.Contracts\Geosphere.Plate.Motion.Contracts.csproj", "{E9D10B34-33F3-41FB-BE0A-E1B5BE3D5024}"
EndProject
Project("{FAE04EC0-301F-11D3-BF4B-00C04F79EFBC}") = "Geosphere.Plate.Reconstruction.Contracts", "contracts\Geosphere.Plate.Reconstruction.Contracts\Geosphere.Plate.Reconstruction.Contracts.csproj", "{FC426F51-9EAE-4C10-B94C-1633B3489152}"
EndProject
Project("{FAE04EC0-301F-11D3-BF4B-00C04F79EFBC}") = "Geosphere.Plate.Reconstruction.Solver", "plugins\Geosphere.Plate.Reconstruction.Solver\Geosphere.Plate.Reconstruction.Solver.csproj", "{B0FF2393-12AD-49EE-9FA5-C05749BA2FE2}"
EndProject
Project("{FAE04EC0-301F-11D3-BF4B-00C04F79EFBC}") = "Geosphere.Plate.Datasets.Contracts", "contracts\Geosphere.Plate.Datasets.Contracts\Geosphere.Plate.Datasets.Contracts.csproj", "{EFE9EEE0-28C6-4840-B8C5-D8ACE85D7480}"
EndProject
Global
	GlobalSection(SolutionConfigurationPlatforms) = preSolution
		Debug|Any CPU = Debug|Any CPU
		Debug|x64 = Debug|x64
		Debug|x86 = Debug|x86
		ExportDebug|Any CPU = ExportDebug|Any CPU
		ExportDebug|x64 = ExportDebug|x64
		ExportDebug|x86 = ExportDebug|x86
		ExportRelease|Any CPU = ExportRelease|Any CPU
		ExportRelease|x64 = ExportRelease|x64
		ExportRelease|x86 = ExportRelease|x86
		Release|Any CPU = Release|Any CPU
		Release|x64 = Release|x64
		Release|x86 = Release|x86
	EndGlobalSection
	GlobalSection(ProjectConfigurationPlatforms) = postSolution
		{B1000001-0001-0001-0001-000000000001}.Debug|Any CPU.ActiveCfg = Debug|Any CPU
		{B1000001-0001-0001-0001-000000000001}.Debug|Any CPU.Build.0 = Debug|Any CPU
		{B1000001-0001-0001-0001-000000000001}.Debug|x64.ActiveCfg = Debug|Any CPU
		{B1000001-0001-0001-0001-000000000001}.Debug|x64.Build.0 = Debug|Any CPU
		{B1000001-0001-0001-0001-000000000001}.Debug|x86.ActiveCfg = Debug|Any CPU
		{B1000001-0001-0001-0001-000000000001}.Debug|x86.Build.0 = Debug|Any CPU
		{B1000001-0001-0001-0001-000000000001}.ExportDebug|Any CPU.ActiveCfg = Debug|Any CPU
		{B1000001-0001-0001-0001-000000000001}.ExportDebug|Any CPU.Build.0 = Debug|Any CPU
		{B1000001-0001-0001-0001-000000000001}.ExportDebug|x64.ActiveCfg = ExportDebug|Any CPU
		{B1000001-0001-0001-0001-000000000001}.ExportDebug|x64.Build.0 = ExportDebug|Any CPU
		{B1000001-0001-0001-0001-000000000001}.ExportDebug|x86.ActiveCfg = ExportDebug|Any CPU
		{B1000001-0001-0001-0001-000000000001}.ExportDebug|x86.Build.0 = ExportDebug|Any CPU
		{B1000001-0001-0001-0001-000000000001}.ExportRelease|Any CPU.ActiveCfg = Debug|Any CPU
		{B1000001-0001-0001-0001-000000000001}.ExportRelease|Any CPU.Build.0 = Debug|Any CPU
		{B1000001-0001-0001-0001-000000000001}.ExportRelease|x64.ActiveCfg = ExportRelease|Any CPU
		{B1000001-0001-0001-0001-000000000001}.ExportRelease|x64.Build.0 = ExportRelease|Any CPU
		{B1000001-0001-0001-0001-000000000001}.ExportRelease|x86.ActiveCfg = ExportRelease|Any CPU
		{B1000001-0001-0001-0001-000000000001}.ExportRelease|x86.Build.0 = ExportRelease|Any CPU
		{B1000001-0001-0001-0001-000000000001}.Release|Any CPU.ActiveCfg = Release|Any CPU
		{B1000001-0001-0001-0001-000000000001}.Release|Any CPU.Build.0 = Release|Any CPU
		{B1000001-0001-0001-0001-000000000001}.Release|x64.ActiveCfg = Release|Any CPU
		{B1000001-0001-0001-0001-000000000001}.Release|x64.Build.0 = Release|Any CPU
		{B1000001-0001-0001-0001-000000000001}.Release|x86.ActiveCfg = Release|Any CPU
		{B1000001-0001-0001-0001-000000000001}.Release|x86.Build.0 = Release|Any CPU
		{B1000001-0010-0001-0001-000000000001}.Debug|Any CPU.ActiveCfg = Debug|Any CPU
		{B1000001-0010-0001-0001-000000000001}.Debug|Any CPU.Build.0 = Debug|Any CPU
		{B1000001-0010-0001-0001-000000000001}.Debug|x64.ActiveCfg = Debug|Any CPU
		{B1000001-0010-0001-0001-000000000001}.Debug|x64.Build.0 = Debug|Any CPU
		{B1000001-0010-0001-0001-000000000001}.Debug|x86.ActiveCfg = Debug|Any CPU
		{B1000001-0010-0001-0001-000000000001}.Debug|x86.Build.0 = Debug|Any CPU
		{B1000001-0010-0001-0001-000000000001}.ExportDebug|Any CPU.ActiveCfg = Debug|Any CPU
		{B1000001-0010-0001-0001-000000000001}.ExportDebug|Any CPU.Build.0 = Debug|Any CPU
		{B1000001-0010-0001-0001-000000000001}.ExportDebug|x64.ActiveCfg = ExportDebug|Any CPU
		{B1000001-0010-0001-0001-000000000001}.ExportDebug|x64.Build.0 = ExportDebug|Any CPU
		{B1000001-0010-0001-0001-000000000001}.ExportDebug|x86.ActiveCfg = ExportDebug|Any CPU
		{B1000001-0010-0001-0001-000000000001}.ExportDebug|x86.Build.0 = ExportDebug|Any CPU
		{B1000001-0010-0001-0001-000000000001}.ExportRelease|Any CPU.ActiveCfg = Debug|Any CPU
		{B1000001-0010-0001-0001-000000000001}.ExportRelease|Any CPU.Build.0 = Debug|Any CPU
		{B1000001-0010-0001-0001-000000000001}.ExportRelease|x64.ActiveCfg = ExportRelease|Any CPU
		{B1000001-0010-0001-0001-000000000001}.ExportRelease|x64.Build.0 = ExportRelease|Any CPU
		{B1000001-0010-0001-0001-000000000001}.ExportRelease|x86.ActiveCfg = ExportRelease|Any CPU
		{B1000001-0010-0001-0001-000000000001}.ExportRelease|x86.Build.0 = ExportRelease|Any CPU
		{B1000001-0010-0001-0001-000000000001}.Release|Any CPU.ActiveCfg = Release|Any CPU
		{B1000001-0010-0001-0001-000000000001}.Release|Any CPU.Build.0 = Release|Any CPU
		{B1000001-0010-0001-0001-000000000001}.Release|x64.ActiveCfg = Release|Any CPU
		{B1000001-0010-0001-0001-000000000001}.Release|x64.Build.0 = Release|Any CPU
		{B1000001-0010-0001-0001-000000000001}.Release|x86.ActiveCfg = Release|Any CPU
		{B1000001-0010-0001-0001-000000000001}.Release|x86.Build.0 = Release|Any CPU
		{B2000001-0001-0001-0001-000000000001}.Debug|Any CPU.ActiveCfg = Debug|Any CPU
		{B2000001-0001-0001-0001-000000000001}.Debug|Any CPU.Build.0 = Debug|Any CPU
		{B2000001-0001-0001-0001-000000000001}.Debug|x64.ActiveCfg = Debug|Any CPU
		{B2000001-0001-0001-0001-000000000001}.Debug|x64.Build.0 = Debug|Any CPU
		{B2000001-0001-0001-0001-000000000001}.Debug|x86.ActiveCfg = Debug|Any CPU
		{B2000001-0001-0001-0001-000000000001}.Debug|x86.Build.0 = Debug|Any CPU
		{B2000001-0001-0001-0001-000000000001}.ExportDebug|Any CPU.ActiveCfg = Debug|Any CPU
		{B2000001-0001-0001-0001-000000000001}.ExportDebug|Any CPU.Build.0 = Debug|Any CPU
		{B2000001-0001-0001-0001-000000000001}.ExportDebug|x64.ActiveCfg = ExportDebug|Any CPU
		{B2000001-0001-0001-0001-000000000001}.ExportDebug|x64.Build.0 = ExportDebug|Any CPU
		{B2000001-0001-0001-0001-000000000001}.ExportDebug|x86.ActiveCfg = ExportDebug|Any CPU
		{B2000001-0001-0001-0001-000000000001}.ExportDebug|x86.Build.0 = ExportDebug|Any CPU
		{B2000001-0001-0001-0001-000000000001}.ExportRelease|Any CPU.ActiveCfg = Debug|Any CPU
		{B2000001-0001-0001-0001-000000000001}.ExportRelease|Any CPU.Build.0 = Debug|Any CPU
		{B2000001-0001-0001-0001-000000000001}.ExportRelease|x64.ActiveCfg = ExportRelease|Any CPU
		{B2000001-0001-0001-0001-000000000001}.ExportRelease|x64.Build.0 = ExportRelease|Any CPU
		{B2000001-0001-0001-0001-000000000001}.ExportRelease|x86.ActiveCfg = ExportRelease|Any CPU
		{B2000001-0001-0001-0001-000000000001}.ExportRelease|x86.Build.0 = ExportRelease|Any CPU
		{B2000001-0001-0001-0001-000000000001}.Release|Any CPU.ActiveCfg = Release|Any CPU
		{B2000001-0001-0001-0001-000000000001}.Release|Any CPU.Build.0 = Release|Any CPU
		{B2000001-0001-0001-0001-000000000001}.Release|x64.ActiveCfg = Release|Any CPU
		{B2000001-0001-0001-0001-000000000001}.Release|x64.Build.0 = Release|Any CPU
		{B2000001-0001-0001-0001-000000000001}.Release|x86.ActiveCfg = Release|Any CPU
		{B2000001-0001-0001-0001-000000000001}.Release|x86.Build.0 = Release|Any CPU
		{B2000001-0010-0001-0001-000000000001}.Debug|Any CPU.ActiveCfg = Debug|Any CPU
		{B2000001-0010-0001-0001-000000000001}.Debug|Any CPU.Build.0 = Debug|Any CPU
		{B2000001-0010-0001-0001-000000000001}.Debug|x64.ActiveCfg = Debug|Any CPU
		{B2000001-0010-0001-0001-000000000001}.Debug|x64.Build.0 = Debug|Any CPU
		{B2000001-0010-0001-0001-000000000001}.Debug|x86.ActiveCfg = Debug|Any CPU
		{B2000001-0010-0001-0001-000000000001}.Debug|x86.Build.0 = Debug|Any CPU
		{B2000001-0010-0001-0001-000000000001}.ExportDebug|Any CPU.ActiveCfg = Debug|Any CPU
		{B2000001-0010-0001-0001-000000000001}.ExportDebug|Any CPU.Build.0 = Debug|Any CPU
		{B2000001-0010-0001-0001-000000000001}.ExportDebug|x64.ActiveCfg = ExportDebug|Any CPU
		{B2000001-0010-0001-0001-000000000001}.ExportDebug|x64.Build.0 = ExportDebug|Any CPU
		{B2000001-0010-0001-0001-000000000001}.ExportDebug|x86.ActiveCfg = ExportDebug|Any CPU
		{B2000001-0010-0001-0001-000000000001}.ExportDebug|x86.Build.0 = ExportDebug|Any CPU
		{B2000001-0010-0001-0001-000000000001}.ExportRelease|Any CPU.ActiveCfg = Debug|Any CPU
		{B2000001-0010-0001-0001-000000000001}.ExportRelease|Any CPU.Build.0 = Debug|Any CPU
		{B2000001-0010-0001-0001-000000000001}.ExportRelease|x64.ActiveCfg = ExportRelease|Any CPU
		{B2000001-0010-0001-0001-000000000001}.ExportRelease|x64.Build.0 = ExportRelease|Any CPU
		{B2000001-0010-0001-0001-000000000001}.ExportRelease|x86.ActiveCfg = ExportRelease|Any CPU
		{B2000001-0010-0001-0001-000000000001}.ExportRelease|x86.Build.0 = ExportRelease|Any CPU
		{B2000001-0010-0001-0001-000000000001}.Release|Any CPU.ActiveCfg = Release|Any CPU
		{B2000001-0010-0001-0001-000000000001}.Release|Any CPU.Build.0 = Release|Any CPU
		{B2000001-0010-0001-0001-000000000001}.Release|x64.ActiveCfg = Release|Any CPU
		{B2000001-0010-0001-0001-000000000001}.Release|x64.Build.0 = Release|Any CPU
		{B2000001-0010-0001-0001-000000000001}.Release|x86.ActiveCfg = Release|Any CPU
		{B2000001-0010-0001-0001-000000000001}.Release|x86.Build.0 = Release|Any CPU
		{B2000001-0010-0001-0001-000000000002}.Debug|Any CPU.ActiveCfg = Debug|Any CPU
		{B2000001-0010-0001-0001-000000000002}.Debug|Any CPU.Build.0 = Debug|Any CPU
		{B2000001-0010-0001-0001-000000000002}.Debug|x64.ActiveCfg = Debug|Any CPU
		{B2000001-0010-0001-0001-000000000002}.Debug|x64.Build.0 = Debug|Any CPU
		{B2000001-0010-0001-0001-000000000002}.Debug|x86.ActiveCfg = Debug|Any CPU
		{B2000001-0010-0001-0001-000000000002}.Debug|x86.Build.0 = Debug|Any CPU
		{B2000001-0010-0001-0001-000000000002}.ExportDebug|Any CPU.ActiveCfg = Debug|Any CPU
		{B2000001-0010-0001-0001-000000000002}.ExportDebug|Any CPU.Build.0 = Debug|Any CPU
		{B2000001-0010-0001-0001-000000000002}.ExportDebug|x64.ActiveCfg = ExportDebug|Any CPU
		{B2000001-0010-0001-0001-000000000002}.ExportDebug|x64.Build.0 = ExportDebug|Any CPU
		{B2000001-0010-0001-0001-000000000002}.ExportDebug|x86.ActiveCfg = ExportDebug|Any CPU
		{B2000001-0010-0001-0001-000000000002}.ExportDebug|x86.Build.0 = ExportDebug|Any CPU
		{B2000001-0010-0001-0001-000000000002}.ExportRelease|Any CPU.ActiveCfg = Debug|Any CPU
		{B2000001-0010-0001-0001-000000000002}.ExportRelease|Any CPU.Build.0 = Debug|Any CPU
		{B2000001-0010-0001-0001-000000000002}.ExportRelease|x64.ActiveCfg = ExportRelease|Any CPU
		{B2000001-0010-0001-0001-000000000002}.ExportRelease|x64.Build.0 = ExportRelease|Any CPU
		{B2000001-0010-0001-0001-000000000002}.ExportRelease|x86.ActiveCfg = ExportRelease|Any CPU
		{B2000001-0010-0001-0001-000000000002}.ExportRelease|x86.Build.0 = ExportRelease|Any CPU
		{B2000001-0010-0001-0001-000000000002}.Release|Any CPU.ActiveCfg = Release|Any CPU
		{B2000001-0010-0001-0001-000000000002}.Release|Any CPU.Build.0 = Release|Any CPU
		{B2000001-0010-0001-0001-000000000002}.Release|x64.ActiveCfg = Release|Any CPU
		{B2000001-0010-0001-0001-000000000002}.Release|x64.Build.0 = Release|Any CPU
		{B2000001-0010-0001-0001-000000000002}.Release|x86.ActiveCfg = Release|Any CPU
		{B2000001-0010-0001-0001-000000000002}.Release|x86.Build.0 = Release|Any CPU
		{B3000001-0001-0001-0001-000000000001}.Debug|Any CPU.ActiveCfg = Debug|Any CPU
		{B3000001-0001-0001-0001-000000000001}.Debug|Any CPU.Build.0 = Debug|Any CPU
		{B3000001-0001-0001-0001-000000000001}.Debug|x64.ActiveCfg = Debug|Any CPU
		{B3000001-0001-0001-0001-000000000001}.Debug|x64.Build.0 = Debug|Any CPU
		{B3000001-0001-0001-0001-000000000001}.Debug|x86.ActiveCfg = Debug|Any CPU
		{B3000001-0001-0001-0001-000000000001}.Debug|x86.Build.0 = Debug|Any CPU
		{B3000001-0001-0001-0001-000000000001}.ExportDebug|Any CPU.ActiveCfg = ExportDebug|Any CPU
		{B3000001-0001-0001-0001-000000000001}.ExportDebug|Any CPU.Build.0 = ExportDebug|Any CPU
		{B3000001-0001-0001-0001-000000000001}.ExportDebug|x64.ActiveCfg = ExportDebug|Any CPU
		{B3000001-0001-0001-0001-000000000001}.ExportDebug|x64.Build.0 = ExportDebug|Any CPU
		{B3000001-0001-0001-0001-000000000001}.ExportDebug|x86.ActiveCfg = ExportDebug|Any CPU
		{B3000001-0001-0001-0001-000000000001}.ExportDebug|x86.Build.0 = ExportDebug|Any CPU
		{B3000001-0001-0001-0001-000000000001}.ExportRelease|Any CPU.ActiveCfg = ExportRelease|Any CPU
		{B3000001-0001-0001-0001-000000000001}.ExportRelease|Any CPU.Build.0 = ExportRelease|Any CPU
		{B3000001-0001-0001-0001-000000000001}.ExportRelease|x64.ActiveCfg = ExportRelease|Any CPU
		{B3000001-0001-0001-0001-000000000001}.ExportRelease|x64.Build.0 = ExportRelease|Any CPU
		{B3000001-0001-0001-0001-000000000001}.ExportRelease|x86.ActiveCfg = ExportRelease|Any CPU
		{B3000001-0001-0001-0001-000000000001}.ExportRelease|x86.Build.0 = ExportRelease|Any CPU
		{B3000001-0001-0001-0001-000000000001}.Release|Any CPU.ActiveCfg = Release|Any CPU
		{B3000001-0001-0001-0001-000000000001}.Release|Any CPU.Build.0 = Release|Any CPU
		{B3000001-0001-0001-0001-000000000001}.Release|x64.ActiveCfg = Release|Any CPU
		{B3000001-0001-0001-0001-000000000001}.Release|x64.Build.0 = Release|Any CPU
		{B3000001-0001-0001-0001-000000000001}.Release|x86.ActiveCfg = Release|Any CPU
		{B3000001-0001-0001-0001-000000000001}.Release|x86.Build.0 = Release|Any CPU
		{B4000001-0001-0001-0001-000000000001}.Debug|Any CPU.ActiveCfg = Debug|Any CPU
		{B4000001-0001-0001-0001-000000000001}.Debug|Any CPU.Build.0 = Debug|Any CPU
		{B4000001-0001-0001-0001-000000000001}.Debug|x64.ActiveCfg = Debug|Any CPU
		{B4000001-0001-0001-0001-000000000001}.Debug|x64.Build.0 = Debug|Any CPU
		{B4000001-0001-0001-0001-000000000001}.Debug|x86.ActiveCfg = Debug|Any CPU
		{B4000001-0001-0001-0001-000000000001}.Debug|x86.Build.0 = Debug|Any CPU
		{B4000001-0001-0001-0001-000000000001}.ExportDebug|Any CPU.ActiveCfg = Debug|Any CPU
		{B4000001-0001-0001-0001-000000000001}.ExportDebug|Any CPU.Build.0 = Debug|Any CPU
		{B4000001-0001-0001-0001-000000000001}.ExportDebug|x64.ActiveCfg = ExportDebug|Any CPU
		{B4000001-0001-0001-0001-000000000001}.ExportDebug|x64.Build.0 = ExportDebug|Any CPU
		{B4000001-0001-0001-0001-000000000001}.ExportDebug|x86.ActiveCfg = ExportDebug|Any CPU
		{B4000001-0001-0001-0001-000000000001}.ExportDebug|x86.Build.0 = ExportDebug|Any CPU
		{B4000001-0001-0001-0001-000000000001}.ExportRelease|Any CPU.ActiveCfg = Debug|Any CPU
		{B4000001-0001-0001-0001-000000000001}.ExportRelease|Any CPU.Build.0 = Debug|Any CPU
		{B4000001-0001-0001-0001-000000000001}.ExportRelease|x64.ActiveCfg = ExportRelease|Any CPU
		{B4000001-0001-0001-0001-000000000001}.ExportRelease|x64.Build.0 = ExportRelease|Any CPU
		{B4000001-0001-0001-0001-000000000001}.ExportRelease|x86.ActiveCfg = ExportRelease|Any CPU
		{B4000001-0001-0001-0001-000000000001}.ExportRelease|x86.Build.0 = ExportRelease|Any CPU
		{B4000001-0001-0001-0001-000000000001}.Release|Any CPU.ActiveCfg = Release|Any CPU
		{B4000001-0001-0001-0001-000000000001}.Release|Any CPU.Build.0 = Release|Any CPU
		{B4000001-0001-0001-0001-000000000001}.Release|x64.ActiveCfg = Release|Any CPU
		{B4000001-0001-0001-0001-000000000001}.Release|x64.Build.0 = Release|Any CPU
		{B4000001-0001-0001-0001-000000000001}.Release|x86.ActiveCfg = Release|Any CPU
		{B4000001-0001-0001-0001-000000000001}.Release|x86.Build.0 = Release|Any CPU
		{B4000001-0010-0001-0001-000000000001}.Debug|Any CPU.ActiveCfg = Debug|Any CPU
		{B4000001-0010-0001-0001-000000000001}.Debug|Any CPU.Build.0 = Debug|Any CPU
		{B4000001-0010-0001-0001-000000000001}.Debug|x64.ActiveCfg = Debug|Any CPU
		{B4000001-0010-0001-0001-000000000001}.Debug|x64.Build.0 = Debug|Any CPU
		{B4000001-0010-0001-0001-000000000001}.Debug|x86.ActiveCfg = Debug|Any CPU
		{B4000001-0010-0001-0001-000000000001}.Debug|x86.Build.0 = Debug|Any CPU
		{B4000001-0010-0001-0001-000000000001}.ExportDebug|Any CPU.ActiveCfg = Debug|Any CPU
		{B4000001-0010-0001-0001-000000000001}.ExportDebug|Any CPU.Build.0 = Debug|Any CPU
		{B4000001-0010-0001-0001-000000000001}.ExportDebug|x64.ActiveCfg = ExportDebug|Any CPU
		{B4000001-0010-0001-0001-000000000001}.ExportDebug|x64.Build.0 = ExportDebug|Any CPU
		{B4000001-0010-0001-0001-000000000001}.ExportDebug|x86.ActiveCfg = ExportDebug|Any CPU
		{B4000001-0010-0001-0001-000000000001}.ExportDebug|x86.Build.0 = ExportDebug|Any CPU
		{B4000001-0010-0001-0001-000000000001}.ExportRelease|Any CPU.ActiveCfg = Debug|Any CPU
		{B4000001-0010-0001-0001-000000000001}.ExportRelease|Any CPU.Build.0 = Debug|Any CPU
		{B4000001-0010-0001-0001-000000000001}.ExportRelease|x64.ActiveCfg = ExportRelease|Any CPU
		{B4000001-0010-0001-0001-000000000001}.ExportRelease|x64.Build.0 = ExportRelease|Any CPU
		{B4000001-0010-0001-0001-000000000001}.ExportRelease|x86.ActiveCfg = ExportRelease|Any CPU
		{B4000001-0010-0001-0001-000000000001}.ExportRelease|x86.Build.0 = ExportRelease|Any CPU
		{B4000001-0010-0001-0001-000000000001}.Release|Any CPU.ActiveCfg = Release|Any CPU
		{B4000001-0010-0001-0001-000000000001}.Release|Any CPU.Build.0 = Release|Any CPU
		{B4000001-0010-0001-0001-000000000001}.Release|x64.ActiveCfg = Release|Any CPU
		{B4000001-0010-0001-0001-000000000001}.Release|x64.Build.0 = Release|Any CPU
		{B4000001-0010-0001-0001-000000000001}.Release|x86.ActiveCfg = Release|Any CPU
		{B4000001-0010-0001-0001-000000000001}.Release|x86.Build.0 = Release|Any CPU
		{B4000001-0010-0001-0001-000000000002}.Debug|Any CPU.ActiveCfg = Debug|Any CPU
		{B4000001-0010-0001-0001-000000000002}.Debug|Any CPU.Build.0 = Debug|Any CPU
		{B4000001-0010-0001-0001-000000000002}.Debug|x64.ActiveCfg = Debug|Any CPU
		{B4000001-0010-0001-0001-000000000002}.Debug|x64.Build.0 = Debug|Any CPU
		{B4000001-0010-0001-0001-000000000002}.Debug|x86.ActiveCfg = Debug|Any CPU
		{B4000001-0010-0001-0001-000000000002}.Debug|x86.Build.0 = Debug|Any CPU
		{B4000001-0010-0001-0001-000000000002}.ExportDebug|Any CPU.ActiveCfg = Debug|Any CPU
		{B4000001-0010-0001-0001-000000000002}.ExportDebug|Any CPU.Build.0 = Debug|Any CPU
		{B4000001-0010-0001-0001-000000000002}.ExportDebug|x64.ActiveCfg = ExportDebug|Any CPU
		{B4000001-0010-0001-0001-000000000002}.ExportDebug|x64.Build.0 = ExportDebug|Any CPU
		{B4000001-0010-0001-0001-000000000002}.ExportDebug|x86.ActiveCfg = ExportDebug|Any CPU
		{B4000001-0010-0001-0001-000000000002}.ExportDebug|x86.Build.0 = ExportDebug|Any CPU
		{B4000001-0010-0001-0001-000000000002}.ExportRelease|Any CPU.ActiveCfg = Debug|Any CPU
		{B4000001-0010-0001-0001-000000000002}.ExportRelease|Any CPU.Build.0 = Debug|Any CPU
		{B4000001-0010-0001-0001-000000000002}.ExportRelease|x64.ActiveCfg = ExportRelease|Any CPU
		{B4000001-0010-0001-0001-000000000002}.ExportRelease|x64.Build.0 = ExportRelease|Any CPU
		{B4000001-0010-0001-0001-000000000002}.ExportRelease|x86.ActiveCfg = ExportRelease|Any CPU
		{B4000001-0010-0001-0001-000000000002}.ExportRelease|x86.Build.0 = ExportRelease|Any CPU
		{B4000001-0010-0001-0001-000000000002}.Release|Any CPU.ActiveCfg = Release|Any CPU
		{B4000001-0010-0001-0001-000000000002}.Release|Any CPU.Build.0 = Release|Any CPU
		{B4000001-0010-0001-0001-000000000002}.Release|x64.ActiveCfg = Release|Any CPU
		{B4000001-0010-0001-0001-000000000002}.Release|x64.Build.0 = Release|Any CPU
		{B4000001-0010-0001-0001-000000000002}.Release|x86.ActiveCfg = Release|Any CPU
		{B4000001-0010-0001-0001-000000000002}.Release|x86.Build.0 = Release|Any CPU
		{B5000001-0001-0001-0001-000000000001}.Debug|Any CPU.ActiveCfg = Debug|Any CPU
		{B5000001-0001-0001-0001-000000000001}.Debug|Any CPU.Build.0 = Debug|Any CPU
		{B5000001-0001-0001-0001-000000000001}.Debug|x64.ActiveCfg = Debug|Any CPU
		{B5000001-0001-0001-0001-000000000001}.Debug|x64.Build.0 = Debug|Any CPU
		{B5000001-0001-0001-0001-000000000001}.Debug|x86.ActiveCfg = Debug|Any CPU
		{B5000001-0001-0001-0001-000000000001}.Debug|x86.Build.0 = Debug|Any CPU
		{B5000001-0001-0001-0001-000000000001}.ExportDebug|Any CPU.ActiveCfg = Debug|Any CPU
		{B5000001-0001-0001-0001-000000000001}.ExportDebug|Any CPU.Build.0 = Debug|Any CPU
		{B5000001-0001-0001-0001-000000000001}.ExportDebug|x64.ActiveCfg = ExportDebug|Any CPU
		{B5000001-0001-0001-0001-000000000001}.ExportDebug|x64.Build.0 = ExportDebug|Any CPU
		{B5000001-0001-0001-0001-000000000001}.ExportDebug|x86.ActiveCfg = ExportDebug|Any CPU
		{B5000001-0001-0001-0001-000000000001}.ExportDebug|x86.Build.0 = ExportDebug|Any CPU
		{B5000001-0001-0001-0001-000000000001}.ExportRelease|Any CPU.ActiveCfg = Debug|Any CPU
		{B5000001-0001-0001-0001-000000000001}.ExportRelease|Any CPU.Build.0 = Debug|Any CPU
		{B5000001-0001-0001-0001-000000000001}.ExportRelease|x64.ActiveCfg = ExportRelease|Any CPU
		{B5000001-0001-0001-0001-000000000001}.ExportRelease|x64.Build.0 = ExportRelease|Any CPU
		{B5000001-0001-0001-0001-000000000001}.ExportRelease|x86.ActiveCfg = ExportRelease|Any CPU
		{B5000001-0001-0001-0001-000000000001}.ExportRelease|x86.Build.0 = ExportRelease|Any CPU
		{B5000001-0001-0001-0001-000000000001}.Release|Any CPU.ActiveCfg = Release|Any CPU
		{B5000001-0001-0001-0001-000000000001}.Release|Any CPU.Build.0 = Release|Any CPU
		{B5000001-0001-0001-0001-000000000001}.Release|x64.ActiveCfg = Release|Any CPU
		{B5000001-0001-0001-0001-000000000001}.Release|x64.Build.0 = Release|Any CPU
		{B5000001-0001-0001-0001-000000000001}.Release|x86.ActiveCfg = Release|Any CPU
		{B5000001-0001-0001-0001-000000000001}.Release|x86.Build.0 = Release|Any CPU
		{ACBB5B7B-48A5-4CB4-8482-EA621A0E9852}.Debug|Any CPU.ActiveCfg = Debug|Any CPU
		{ACBB5B7B-48A5-4CB4-8482-EA621A0E9852}.Debug|Any CPU.Build.0 = Debug|Any CPU
		{ACBB5B7B-48A5-4CB4-8482-EA621A0E9852}.Debug|x64.ActiveCfg = Debug|Any CPU
		{ACBB5B7B-48A5-4CB4-8482-EA621A0E9852}.Debug|x64.Build.0 = Debug|Any CPU
		{ACBB5B7B-48A5-4CB4-8482-EA621A0E9852}.Debug|x86.ActiveCfg = Debug|Any CPU
		{ACBB5B7B-48A5-4CB4-8482-EA621A0E9852}.Debug|x86.Build.0 = Debug|Any CPU
		{ACBB5B7B-48A5-4CB4-8482-EA621A0E9852}.ExportDebug|Any CPU.ActiveCfg = Debug|Any CPU
		{ACBB5B7B-48A5-4CB4-8482-EA621A0E9852}.ExportDebug|Any CPU.Build.0 = Debug|Any CPU
		{ACBB5B7B-48A5-4CB4-8482-EA621A0E9852}.ExportDebug|x64.ActiveCfg = Debug|Any CPU
		{ACBB5B7B-48A5-4CB4-8482-EA621A0E9852}.ExportDebug|x64.Build.0 = Debug|Any CPU
		{ACBB5B7B-48A5-4CB4-8482-EA621A0E9852}.ExportDebug|x86.ActiveCfg = Debug|Any CPU
		{ACBB5B7B-48A5-4CB4-8482-EA621A0E9852}.ExportDebug|x86.Build.0 = Debug|Any CPU
		{ACBB5B7B-48A5-4CB4-8482-EA621A0E9852}.ExportRelease|Any CPU.ActiveCfg = Debug|Any CPU
		{ACBB5B7B-48A5-4CB4-8482-EA621A0E9852}.ExportRelease|Any CPU.Build.0 = Debug|Any CPU
		{ACBB5B7B-48A5-4CB4-8482-EA621A0E9852}.ExportRelease|x64.ActiveCfg = Debug|Any CPU
		{ACBB5B7B-48A5-4CB4-8482-EA621A0E9852}.ExportRelease|x64.Build.0 = Debug|Any CPU
		{ACBB5B7B-48A5-4CB4-8482-EA621A0E9852}.ExportRelease|x86.ActiveCfg = Debug|Any CPU
		{ACBB5B7B-48A5-4CB4-8482-EA621A0E9852}.ExportRelease|x86.Build.0 = Debug|Any CPU
		{ACBB5B7B-48A5-4CB4-8482-EA621A0E9852}.Release|Any CPU.ActiveCfg = Release|Any CPU
		{ACBB5B7B-48A5-4CB4-8482-EA621A0E9852}.Release|Any CPU.Build.0 = Release|Any CPU
		{ACBB5B7B-48A5-4CB4-8482-EA621A0E9852}.Release|x64.ActiveCfg = Release|Any CPU
		{ACBB5B7B-48A5-4CB4-8482-EA621A0E9852}.Release|x64.Build.0 = Release|Any CPU
		{ACBB5B7B-48A5-4CB4-8482-EA621A0E9852}.Release|x86.ActiveCfg = Release|Any CPU
		{ACBB5B7B-48A5-4CB4-8482-EA621A0E9852}.Release|x86.Build.0 = Release|Any CPU
		{128F58BC-7B69-47DB-9DC6-8F175DE23179}.Debug|Any CPU.ActiveCfg = Debug|Any CPU
		{128F58BC-7B69-47DB-9DC6-8F175DE23179}.Debug|Any CPU.Build.0 = Debug|Any CPU
		{128F58BC-7B69-47DB-9DC6-8F175DE23179}.Debug|x64.ActiveCfg = Debug|Any CPU
		{128F58BC-7B69-47DB-9DC6-8F175DE23179}.Debug|x64.Build.0 = Debug|Any CPU
		{128F58BC-7B69-47DB-9DC6-8F175DE23179}.Debug|x86.ActiveCfg = Debug|Any CPU
		{128F58BC-7B69-47DB-9DC6-8F175DE23179}.Debug|x86.Build.0 = Debug|Any CPU
		{128F58BC-7B69-47DB-9DC6-8F175DE23179}.ExportDebug|Any CPU.ActiveCfg = Debug|Any CPU
		{128F58BC-7B69-47DB-9DC6-8F175DE23179}.ExportDebug|Any CPU.Build.0 = Debug|Any CPU
		{128F58BC-7B69-47DB-9DC6-8F175DE23179}.ExportDebug|x64.ActiveCfg = Debug|Any CPU
		{128F58BC-7B69-47DB-9DC6-8F175DE23179}.ExportDebug|x64.Build.0 = Debug|Any CPU
		{128F58BC-7B69-47DB-9DC6-8F175DE23179}.ExportDebug|x86.ActiveCfg = Debug|Any CPU
		{128F58BC-7B69-47DB-9DC6-8F175DE23179}.ExportDebug|x86.Build.0 = Debug|Any CPU
		{128F58BC-7B69-47DB-9DC6-8F175DE23179}.ExportRelease|Any CPU.ActiveCfg = Debug|Any CPU
		{128F58BC-7B69-47DB-9DC6-8F175DE23179}.ExportRelease|Any CPU.Build.0 = Debug|Any CPU
		{128F58BC-7B69-47DB-9DC6-8F175DE23179}.ExportRelease|x64.ActiveCfg = Debug|Any CPU
		{128F58BC-7B69-47DB-9DC6-8F175DE23179}.ExportRelease|x64.Build.0 = Debug|Any CPU
		{128F58BC-7B69-47DB-9DC6-8F175DE23179}.ExportRelease|x86.ActiveCfg = Debug|Any CPU
		{128F58BC-7B69-47DB-9DC6-8F175DE23179}.ExportRelease|x86.Build.0 = Debug|Any CPU
		{128F58BC-7B69-47DB-9DC6-8F175DE23179}.Release|Any CPU.ActiveCfg = Release|Any CPU
		{128F58BC-7B69-47DB-9DC6-8F175DE23179}.Release|Any CPU.Build.0 = Release|Any CPU
		{128F58BC-7B69-47DB-9DC6-8F175DE23179}.Release|x64.ActiveCfg = Release|Any CPU
		{128F58BC-7B69-47DB-9DC6-8F175DE23179}.Release|x64.Build.0 = Release|Any CPU
		{128F58BC-7B69-47DB-9DC6-8F175DE23179}.Release|x86.ActiveCfg = Release|Any CPU
		{128F58BC-7B69-47DB-9DC6-8F175DE23179}.Release|x86.Build.0 = Release|Any CPU
		{47F55626-6FDB-46FF-B94D-10B7B5AAF14B}.Debug|Any CPU.ActiveCfg = Debug|Any CPU
		{47F55626-6FDB-46FF-B94D-10B7B5AAF14B}.Debug|Any CPU.Build.0 = Debug|Any CPU
		{47F55626-6FDB-46FF-B94D-10B7B5AAF14B}.Debug|x64.ActiveCfg = Debug|Any CPU
		{47F55626-6FDB-46FF-B94D-10B7B5AAF14B}.Debug|x64.Build.0 = Debug|Any CPU
		{47F55626-6FDB-46FF-B94D-10B7B5AAF14B}.Debug|x86.ActiveCfg = Debug|Any CPU
		{47F55626-6FDB-46FF-B94D-10B7B5AAF14B}.Debug|x86.Build.0 = Debug|Any CPU
		{47F55626-6FDB-46FF-B94D-10B7B5AAF14B}.ExportDebug|Any CPU.ActiveCfg = Debug|Any CPU
		{47F55626-6FDB-46FF-B94D-10B7B5AAF14B}.ExportDebug|Any CPU.Build.0 = Debug|Any CPU
		{47F55626-6FDB-46FF-B94D-10B7B5AAF14B}.ExportDebug|x64.ActiveCfg = Debug|Any CPU
		{47F55626-6FDB-46FF-B94D-10B7B5AAF14B}.ExportDebug|x64.Build.0 = Debug|Any CPU
		{47F55626-6FDB-46FF-B94D-10B7B5AAF14B}.ExportDebug|x86.ActiveCfg = Debug|Any CPU
		{47F55626-6FDB-46FF-B94D-10B7B5AAF14B}.ExportDebug|x86.Build.0 = Debug|Any CPU
		{47F55626-6FDB-46FF-B94D-10B7B5AAF14B}.ExportRelease|Any CPU.ActiveCfg = Debug|Any CPU
		{47F55626-6FDB-46FF-B94D-10B7B5AAF14B}.ExportRelease|Any CPU.Build.0 = Debug|Any CPU
		{47F55626-6FDB-46FF-B94D-10B7B5AAF14B}.ExportRelease|x64.ActiveCfg = Debug|Any CPU
		{47F55626-6FDB-46FF-B94D-10B7B5AAF14B}.ExportRelease|x64.Build.0 = Debug|Any CPU
		{47F55626-6FDB-46FF-B94D-10B7B5AAF14B}.ExportRelease|x86.ActiveCfg = Debug|Any CPU
		{47F55626-6FDB-46FF-B94D-10B7B5AAF14B}.ExportRelease|x86.Build.0 = Debug|Any CPU
		{47F55626-6FDB-46FF-B94D-10B7B5AAF14B}.Release|Any CPU.ActiveCfg = Release|Any CPU
		{47F55626-6FDB-46FF-B94D-10B7B5AAF14B}.Release|Any CPU.Build.0 = Release|Any CPU
		{47F55626-6FDB-46FF-B94D-10B7B5AAF14B}.Release|x64.ActiveCfg = Release|Any CPU
		{47F55626-6FDB-46FF-B94D-10B7B5AAF14B}.Release|x64.Build.0 = Release|Any CPU
		{47F55626-6FDB-46FF-B94D-10B7B5AAF14B}.Release|x86.ActiveCfg = Release|Any CPU
		{47F55626-6FDB-46FF-B94D-10B7B5AAF14B}.Release|x86.Build.0 = Release|Any CPU
		{B7768550-7F0F-4A8B-B880-3F85379C06F1}.Debug|Any CPU.ActiveCfg = Debug|Any CPU
		{B7768550-7F0F-4A8B-B880-3F85379C06F1}.Debug|Any CPU.Build.0 = Debug|Any CPU
		{B7768550-7F0F-4A8B-B880-3F85379C06F1}.Debug|x64.ActiveCfg = Debug|Any CPU
		{B7768550-7F0F-4A8B-B880-3F85379C06F1}.Debug|x64.Build.0 = Debug|Any CPU
		{B7768550-7F0F-4A8B-B880-3F85379C06F1}.Debug|x86.ActiveCfg = Debug|Any CPU
		{B7768550-7F0F-4A8B-B880-3F85379C06F1}.Debug|x86.Build.0 = Debug|Any CPU
		{B7768550-7F0F-4A8B-B880-3F85379C06F1}.ExportDebug|Any CPU.ActiveCfg = Debug|Any CPU
		{B7768550-7F0F-4A8B-B880-3F85379C06F1}.ExportDebug|Any CPU.Build.0 = Debug|Any CPU
		{B7768550-7F0F-4A8B-B880-3F85379C06F1}.ExportDebug|x64.ActiveCfg = Debug|Any CPU
		{B7768550-7F0F-4A8B-B880-3F85379C06F1}.ExportDebug|x64.Build.0 = Debug|Any CPU
		{B7768550-7F0F-4A8B-B880-3F85379C06F1}.ExportDebug|x86.ActiveCfg = Debug|Any CPU
		{B7768550-7F0F-4A8B-B880-3F85379C06F1}.ExportDebug|x86.Build.0 = Debug|Any CPU
		{B7768550-7F0F-4A8B-B880-3F85379C06F1}.ExportRelease|Any CPU.ActiveCfg = Debug|Any CPU
		{B7768550-7F0F-4A8B-B880-3F85379C06F1}.ExportRelease|Any CPU.Build.0 = Debug|Any CPU
		{B7768550-7F0F-4A8B-B880-3F85379C06F1}.ExportRelease|x64.ActiveCfg = Debug|Any CPU
		{B7768550-7F0F-4A8B-B880-3F85379C06F1}.ExportRelease|x64.Build.0 = Debug|Any CPU
		{B7768550-7F0F-4A8B-B880-3F85379C06F1}.ExportRelease|x86.ActiveCfg = Debug|Any CPU
		{B7768550-7F0F-4A8B-B880-3F85379C06F1}.ExportRelease|x86.Build.0 = Debug|Any CPU
		{B7768550-7F0F-4A8B-B880-3F85379C06F1}.Release|Any CPU.ActiveCfg = Release|Any CPU
		{B7768550-7F0F-4A8B-B880-3F85379C06F1}.Release|Any CPU.Build.0 = Release|Any CPU
		{B7768550-7F0F-4A8B-B880-3F85379C06F1}.Release|x64.ActiveCfg = Release|Any CPU
		{B7768550-7F0F-4A8B-B880-3F85379C06F1}.Release|x64.Build.0 = Release|Any CPU
		{B7768550-7F0F-4A8B-B880-3F85379C06F1}.Release|x86.ActiveCfg = Release|Any CPU
		{B7768550-7F0F-4A8B-B880-3F85379C06F1}.Release|x86.Build.0 = Release|Any CPU
		{713F0ABE-284E-410B-B61C-13449BE43531}.Debug|Any CPU.ActiveCfg = Debug|Any CPU
		{713F0ABE-284E-410B-B61C-13449BE43531}.Debug|Any CPU.Build.0 = Debug|Any CPU
		{713F0ABE-284E-410B-B61C-13449BE43531}.Debug|x64.ActiveCfg = Debug|Any CPU
		{713F0ABE-284E-410B-B61C-13449BE43531}.Debug|x64.Build.0 = Debug|Any CPU
		{713F0ABE-284E-410B-B61C-13449BE43531}.Debug|x86.ActiveCfg = Debug|Any CPU
		{713F0ABE-284E-410B-B61C-13449BE43531}.Debug|x86.Build.0 = Debug|Any CPU
		{713F0ABE-284E-410B-B61C-13449BE43531}.ExportDebug|Any CPU.ActiveCfg = Debug|Any CPU
		{713F0ABE-284E-410B-B61C-13449BE43531}.ExportDebug|Any CPU.Build.0 = Debug|Any CPU
		{713F0ABE-284E-410B-B61C-13449BE43531}.ExportDebug|x64.ActiveCfg = Debug|Any CPU
		{713F0ABE-284E-410B-B61C-13449BE43531}.ExportDebug|x64.Build.0 = Debug|Any CPU
		{713F0ABE-284E-410B-B61C-13449BE43531}.ExportDebug|x86.ActiveCfg = Debug|Any CPU
		{713F0ABE-284E-410B-B61C-13449BE43531}.ExportDebug|x86.Build.0 = Debug|Any CPU
		{713F0ABE-284E-410B-B61C-13449BE43531}.ExportRelease|Any CPU.ActiveCfg = Debug|Any CPU
		{713F0ABE-284E-410B-B61C-13449BE43531}.ExportRelease|Any CPU.Build.0 = Debug|Any CPU
		{713F0ABE-284E-410B-B61C-13449BE43531}.ExportRelease|x64.ActiveCfg = Debug|Any CPU
		{713F0ABE-284E-410B-B61C-13449BE43531}.ExportRelease|x64.Build.0 = Debug|Any CPU
		{713F0ABE-284E-410B-B61C-13449BE43531}.ExportRelease|x86.ActiveCfg = Debug|Any CPU
		{713F0ABE-284E-410B-B61C-13449BE43531}.ExportRelease|x86.Build.0 = Debug|Any CPU
		{713F0ABE-284E-410B-B61C-13449BE43531}.Release|Any CPU.ActiveCfg = Release|Any CPU
		{713F0ABE-284E-410B-B61C-13449BE43531}.Release|Any CPU.Build.0 = Release|Any CPU
		{713F0ABE-284E-410B-B61C-13449BE43531}.Release|x64.ActiveCfg = Release|Any CPU
		{713F0ABE-284E-410B-B61C-13449BE43531}.Release|x64.Build.0 = Release|Any CPU
		{713F0ABE-284E-410B-B61C-13449BE43531}.Release|x86.ActiveCfg = Release|Any CPU
		{713F0ABE-284E-410B-B61C-13449BE43531}.Release|x86.Build.0 = Release|Any CPU
		{85C7E753-C0F6-43A4-98F8-97EA0ADA9875}.Debug|Any CPU.ActiveCfg = Debug|Any CPU
		{85C7E753-C0F6-43A4-98F8-97EA0ADA9875}.Debug|Any CPU.Build.0 = Debug|Any CPU
		{85C7E753-C0F6-43A4-98F8-97EA0ADA9875}.Debug|x64.ActiveCfg = Debug|Any CPU
		{85C7E753-C0F6-43A4-98F8-97EA0ADA9875}.Debug|x64.Build.0 = Debug|Any CPU
		{85C7E753-C0F6-43A4-98F8-97EA0ADA9875}.Debug|x86.ActiveCfg = Debug|Any CPU
		{85C7E753-C0F6-43A4-98F8-97EA0ADA9875}.Debug|x86.Build.0 = Debug|Any CPU
		{85C7E753-C0F6-43A4-98F8-97EA0ADA9875}.ExportDebug|Any CPU.ActiveCfg = Debug|Any CPU
		{85C7E753-C0F6-43A4-98F8-97EA0ADA9875}.ExportDebug|Any CPU.Build.0 = Debug|Any CPU
		{85C7E753-C0F6-43A4-98F8-97EA0ADA9875}.ExportDebug|x64.ActiveCfg = Debug|Any CPU
		{85C7E753-C0F6-43A4-98F8-97EA0ADA9875}.ExportDebug|x64.Build.0 = Debug|Any CPU
		{85C7E753-C0F6-43A4-98F8-97EA0ADA9875}.ExportDebug|x86.ActiveCfg = Debug|Any CPU
		{85C7E753-C0F6-43A4-98F8-97EA0ADA9875}.ExportDebug|x86.Build.0 = Debug|Any CPU
		{85C7E753-C0F6-43A4-98F8-97EA0ADA9875}.ExportRelease|Any CPU.ActiveCfg = Debug|Any CPU
		{85C7E753-C0F6-43A4-98F8-97EA0ADA9875}.ExportRelease|Any CPU.Build.0 = Debug|Any CPU
		{85C7E753-C0F6-43A4-98F8-97EA0ADA9875}.ExportRelease|x64.ActiveCfg = Debug|Any CPU
		{85C7E753-C0F6-43A4-98F8-97EA0ADA9875}.ExportRelease|x64.Build.0 = Debug|Any CPU
		{85C7E753-C0F6-43A4-98F8-97EA0ADA9875}.ExportRelease|x86.ActiveCfg = Debug|Any CPU
		{85C7E753-C0F6-43A4-98F8-97EA0ADA9875}.ExportRelease|x86.Build.0 = Debug|Any CPU
		{85C7E753-C0F6-43A4-98F8-97EA0ADA9875}.Release|Any CPU.ActiveCfg = Release|Any CPU
		{85C7E753-C0F6-43A4-98F8-97EA0ADA9875}.Release|Any CPU.Build.0 = Release|Any CPU
		{85C7E753-C0F6-43A4-98F8-97EA0ADA9875}.Release|x64.ActiveCfg = Release|Any CPU
		{85C7E753-C0F6-43A4-98F8-97EA0ADA9875}.Release|x64.Build.0 = Release|Any CPU
		{85C7E753-C0F6-43A4-98F8-97EA0ADA9875}.Release|x86.ActiveCfg = Release|Any CPU
		{85C7E753-C0F6-43A4-98F8-97EA0ADA9875}.Release|x86.Build.0 = Release|Any CPU
		{2607B314-AA56-492C-920E-9D2361EFECDF}.Debug|Any CPU.ActiveCfg = Debug|Any CPU
		{2607B314-AA56-492C-920E-9D2361EFECDF}.Debug|Any CPU.Build.0 = Debug|Any CPU
		{2607B314-AA56-492C-920E-9D2361EFECDF}.Debug|x64.ActiveCfg = Debug|Any CPU
		{2607B314-AA56-492C-920E-9D2361EFECDF}.Debug|x64.Build.0 = Debug|Any CPU
		{2607B314-AA56-492C-920E-9D2361EFECDF}.Debug|x86.ActiveCfg = Debug|Any CPU
		{2607B314-AA56-492C-920E-9D2361EFECDF}.Debug|x86.Build.0 = Debug|Any CPU
		{2607B314-AA56-492C-920E-9D2361EFECDF}.ExportDebug|Any CPU.ActiveCfg = Debug|Any CPU
		{2607B314-AA56-492C-920E-9D2361EFECDF}.ExportDebug|Any CPU.Build.0 = Debug|Any CPU
		{2607B314-AA56-492C-920E-9D2361EFECDF}.ExportDebug|x64.ActiveCfg = Debug|Any CPU
		{2607B314-AA56-492C-920E-9D2361EFECDF}.ExportDebug|x64.Build.0 = Debug|Any CPU
		{2607B314-AA56-492C-920E-9D2361EFECDF}.ExportDebug|x86.ActiveCfg = Debug|Any CPU
		{2607B314-AA56-492C-920E-9D2361EFECDF}.ExportDebug|x86.Build.0 = Debug|Any CPU
		{2607B314-AA56-492C-920E-9D2361EFECDF}.ExportRelease|Any CPU.ActiveCfg = Debug|Any CPU
		{2607B314-AA56-492C-920E-9D2361EFECDF}.ExportRelease|Any CPU.Build.0 = Debug|Any CPU
		{2607B314-AA56-492C-920E-9D2361EFECDF}.ExportRelease|x64.ActiveCfg = Debug|Any CPU
		{2607B314-AA56-492C-920E-9D2361EFECDF}.ExportRelease|x64.Build.0 = Debug|Any CPU
		{2607B314-AA56-492C-920E-9D2361EFECDF}.ExportRelease|x86.ActiveCfg = Debug|Any CPU
		{2607B314-AA56-492C-920E-9D2361EFECDF}.ExportRelease|x86.Build.0 = Debug|Any CPU
		{2607B314-AA56-492C-920E-9D2361EFECDF}.Release|Any CPU.ActiveCfg = Release|Any CPU
		{2607B314-AA56-492C-920E-9D2361EFECDF}.Release|Any CPU.Build.0 = Release|Any CPU
		{2607B314-AA56-492C-920E-9D2361EFECDF}.Release|x64.ActiveCfg = Release|Any CPU
		{2607B314-AA56-492C-920E-9D2361EFECDF}.Release|x64.Build.0 = Release|Any CPU
		{2607B314-AA56-492C-920E-9D2361EFECDF}.Release|x86.ActiveCfg = Release|Any CPU
		{2607B314-AA56-492C-920E-9D2361EFECDF}.Release|x86.Build.0 = Release|Any CPU
		{1E1433A4-886C-43F2-900A-64210E5DC001}.Debug|Any CPU.ActiveCfg = Debug|Any CPU
		{1E1433A4-886C-43F2-900A-64210E5DC001}.Debug|Any CPU.Build.0 = Debug|Any CPU
		{1E1433A4-886C-43F2-900A-64210E5DC001}.Debug|x64.ActiveCfg = Debug|Any CPU
		{1E1433A4-886C-43F2-900A-64210E5DC001}.Debug|x64.Build.0 = Debug|Any CPU
		{1E1433A4-886C-43F2-900A-64210E5DC001}.Debug|x86.ActiveCfg = Debug|Any CPU
		{1E1433A4-886C-43F2-900A-64210E5DC001}.Debug|x86.Build.0 = Debug|Any CPU
		{1E1433A4-886C-43F2-900A-64210E5DC001}.ExportDebug|Any CPU.ActiveCfg = Debug|Any CPU
		{1E1433A4-886C-43F2-900A-64210E5DC001}.ExportDebug|Any CPU.Build.0 = Debug|Any CPU
		{1E1433A4-886C-43F2-900A-64210E5DC001}.ExportDebug|x64.ActiveCfg = Debug|Any CPU
		{1E1433A4-886C-43F2-900A-64210E5DC001}.ExportDebug|x64.Build.0 = Debug|Any CPU
		{1E1433A4-886C-43F2-900A-64210E5DC001}.ExportDebug|x86.ActiveCfg = Debug|Any CPU
		{1E1433A4-886C-43F2-900A-64210E5DC001}.ExportDebug|x86.Build.0 = Debug|Any CPU
		{1E1433A4-886C-43F2-900A-64210E5DC001}.ExportRelease|Any CPU.ActiveCfg = Debug|Any CPU
		{1E1433A4-886C-43F2-900A-64210E5DC001}.ExportRelease|Any CPU.Build.0 = Debug|Any CPU
		{1E1433A4-886C-43F2-900A-64210E5DC001}.ExportRelease|x64.ActiveCfg = Debug|Any CPU
		{1E1433A4-886C-43F2-900A-64210E5DC001}.ExportRelease|x64.Build.0 = Debug|Any CPU
		{1E1433A4-886C-43F2-900A-64210E5DC001}.ExportRelease|x86.ActiveCfg = Debug|Any CPU
		{1E1433A4-886C-43F2-900A-64210E5DC001}.ExportRelease|x86.Build.0 = Debug|Any CPU
		{1E1433A4-886C-43F2-900A-64210E5DC001}.Release|Any CPU.ActiveCfg = Release|Any CPU
		{1E1433A4-886C-43F2-900A-64210E5DC001}.Release|Any CPU.Build.0 = Release|Any CPU
		{1E1433A4-886C-43F2-900A-64210E5DC001}.Release|x64.ActiveCfg = Release|Any CPU
		{1E1433A4-886C-43F2-900A-64210E5DC001}.Release|x64.Build.0 = Release|Any CPU
		{1E1433A4-886C-43F2-900A-64210E5DC001}.Release|x86.ActiveCfg = Release|Any CPU
		{1E1433A4-886C-43F2-900A-64210E5DC001}.Release|x86.Build.0 = Release|Any CPU
		{1CAC4196-BF6E-4ADC-A397-741BE2322A9C}.Debug|Any CPU.ActiveCfg = Debug|Any CPU
		{1CAC4196-BF6E-4ADC-A397-741BE2322A9C}.Debug|Any CPU.Build.0 = Debug|Any CPU
		{1CAC4196-BF6E-4ADC-A397-741BE2322A9C}.Debug|x64.ActiveCfg = Debug|Any CPU
		{1CAC4196-BF6E-4ADC-A397-741BE2322A9C}.Debug|x64.Build.0 = Debug|Any CPU
		{1CAC4196-BF6E-4ADC-A397-741BE2322A9C}.Debug|x86.ActiveCfg = Debug|Any CPU
		{1CAC4196-BF6E-4ADC-A397-741BE2322A9C}.Debug|x86.Build.0 = Debug|Any CPU
		{1CAC4196-BF6E-4ADC-A397-741BE2322A9C}.ExportDebug|Any CPU.ActiveCfg = Debug|Any CPU
		{1CAC4196-BF6E-4ADC-A397-741BE2322A9C}.ExportDebug|Any CPU.Build.0 = Debug|Any CPU
		{1CAC4196-BF6E-4ADC-A397-741BE2322A9C}.ExportDebug|x64.ActiveCfg = Debug|Any CPU
		{1CAC4196-BF6E-4ADC-A397-741BE2322A9C}.ExportDebug|x64.Build.0 = Debug|Any CPU
		{1CAC4196-BF6E-4ADC-A397-741BE2322A9C}.ExportDebug|x86.ActiveCfg = Debug|Any CPU
		{1CAC4196-BF6E-4ADC-A397-741BE2322A9C}.ExportDebug|x86.Build.0 = Debug|Any CPU
		{1CAC4196-BF6E-4ADC-A397-741BE2322A9C}.ExportRelease|Any CPU.ActiveCfg = Debug|Any CPU
		{1CAC4196-BF6E-4ADC-A397-741BE2322A9C}.ExportRelease|Any CPU.Build.0 = Debug|Any CPU
		{1CAC4196-BF6E-4ADC-A397-741BE2322A9C}.ExportRelease|x64.ActiveCfg = Debug|Any CPU
		{1CAC4196-BF6E-4ADC-A397-741BE2322A9C}.ExportRelease|x64.Build.0 = Debug|Any CPU
		{1CAC4196-BF6E-4ADC-A397-741BE2322A9C}.ExportRelease|x86.ActiveCfg = Debug|Any CPU
		{1CAC4196-BF6E-4ADC-A397-741BE2322A9C}.ExportRelease|x86.Build.0 = Debug|Any CPU
		{1CAC4196-BF6E-4ADC-A397-741BE2322A9C}.Release|Any CPU.ActiveCfg = Release|Any CPU
		{1CAC4196-BF6E-4ADC-A397-741BE2322A9C}.Release|Any CPU.Build.0 = Release|Any CPU
		{1CAC4196-BF6E-4ADC-A397-741BE2322A9C}.Release|x64.ActiveCfg = Release|Any CPU
		{1CAC4196-BF6E-4ADC-A397-741BE2322A9C}.Release|x64.Build.0 = Release|Any CPU
		{1CAC4196-BF6E-4ADC-A397-741BE2322A9C}.Release|x86.ActiveCfg = Release|Any CPU
		{1CAC4196-BF6E-4ADC-A397-741BE2322A9C}.Release|x86.Build.0 = Release|Any CPU
		{65A26A22-3DEB-4F88-AEAE-B6AF910D746E}.Debug|Any CPU.ActiveCfg = Debug|Any CPU
		{65A26A22-3DEB-4F88-AEAE-B6AF910D746E}.Debug|Any CPU.Build.0 = Debug|Any CPU
		{65A26A22-3DEB-4F88-AEAE-B6AF910D746E}.Debug|x64.ActiveCfg = Debug|Any CPU
		{65A26A22-3DEB-4F88-AEAE-B6AF910D746E}.Debug|x64.Build.0 = Debug|Any CPU
		{65A26A22-3DEB-4F88-AEAE-B6AF910D746E}.Debug|x86.ActiveCfg = Debug|Any CPU
		{65A26A22-3DEB-4F88-AEAE-B6AF910D746E}.Debug|x86.Build.0 = Debug|Any CPU
		{65A26A22-3DEB-4F88-AEAE-B6AF910D746E}.ExportDebug|Any CPU.ActiveCfg = Debug|Any CPU
		{65A26A22-3DEB-4F88-AEAE-B6AF910D746E}.ExportDebug|Any CPU.Build.0 = Debug|Any CPU
		{65A26A22-3DEB-4F88-AEAE-B6AF910D746E}.ExportDebug|x64.ActiveCfg = Debug|Any CPU
		{65A26A22-3DEB-4F88-AEAE-B6AF910D746E}.ExportDebug|x64.Build.0 = Debug|Any CPU
		{65A26A22-3DEB-4F88-AEAE-B6AF910D746E}.ExportDebug|x86.ActiveCfg = Debug|Any CPU
		{65A26A22-3DEB-4F88-AEAE-B6AF910D746E}.ExportDebug|x86.Build.0 = Debug|Any CPU
		{65A26A22-3DEB-4F88-AEAE-B6AF910D746E}.ExportRelease|Any CPU.ActiveCfg = Debug|Any CPU
		{65A26A22-3DEB-4F88-AEAE-B6AF910D746E}.ExportRelease|Any CPU.Build.0 = Debug|Any CPU
		{65A26A22-3DEB-4F88-AEAE-B6AF910D746E}.ExportRelease|x64.ActiveCfg = Debug|Any CPU
		{65A26A22-3DEB-4F88-AEAE-B6AF910D746E}.ExportRelease|x64.Build.0 = Debug|Any CPU
		{65A26A22-3DEB-4F88-AEAE-B6AF910D746E}.ExportRelease|x86.ActiveCfg = Debug|Any CPU
		{65A26A22-3DEB-4F88-AEAE-B6AF910D746E}.ExportRelease|x86.Build.0 = Debug|Any CPU
		{65A26A22-3DEB-4F88-AEAE-B6AF910D746E}.Release|Any CPU.ActiveCfg = Release|Any CPU
		{65A26A22-3DEB-4F88-AEAE-B6AF910D746E}.Release|Any CPU.Build.0 = Release|Any CPU
		{65A26A22-3DEB-4F88-AEAE-B6AF910D746E}.Release|x64.ActiveCfg = Release|Any CPU
		{65A26A22-3DEB-4F88-AEAE-B6AF910D746E}.Release|x64.Build.0 = Release|Any CPU
		{65A26A22-3DEB-4F88-AEAE-B6AF910D746E}.Release|x86.ActiveCfg = Release|Any CPU
		{65A26A22-3DEB-4F88-AEAE-B6AF910D746E}.Release|x86.Build.0 = Release|Any CPU
		{EC5B198A-A6B4-4D7A-B4C3-65ED21AD8F04}.Debug|Any CPU.ActiveCfg = Debug|Any CPU
		{EC5B198A-A6B4-4D7A-B4C3-65ED21AD8F04}.Debug|Any CPU.Build.0 = Debug|Any CPU
		{EC5B198A-A6B4-4D7A-B4C3-65ED21AD8F04}.Debug|x64.ActiveCfg = Debug|Any CPU
		{EC5B198A-A6B4-4D7A-B4C3-65ED21AD8F04}.Debug|x64.Build.0 = Debug|Any CPU
		{EC5B198A-A6B4-4D7A-B4C3-65ED21AD8F04}.Debug|x86.ActiveCfg = Debug|Any CPU
		{EC5B198A-A6B4-4D7A-B4C3-65ED21AD8F04}.Debug|x86.Build.0 = Debug|Any CPU
		{EC5B198A-A6B4-4D7A-B4C3-65ED21AD8F04}.ExportDebug|Any CPU.ActiveCfg = Debug|Any CPU
		{EC5B198A-A6B4-4D7A-B4C3-65ED21AD8F04}.ExportDebug|Any CPU.Build.0 = Debug|Any CPU
		{EC5B198A-A6B4-4D7A-B4C3-65ED21AD8F04}.ExportDebug|x64.ActiveCfg = Debug|Any CPU
		{EC5B198A-A6B4-4D7A-B4C3-65ED21AD8F04}.ExportDebug|x64.Build.0 = Debug|Any CPU
		{EC5B198A-A6B4-4D7A-B4C3-65ED21AD8F04}.ExportDebug|x86.ActiveCfg = Debug|Any CPU
		{EC5B198A-A6B4-4D7A-B4C3-65ED21AD8F04}.ExportDebug|x86.Build.0 = Debug|Any CPU
		{EC5B198A-A6B4-4D7A-B4C3-65ED21AD8F04}.ExportRelease|Any CPU.ActiveCfg = Debug|Any CPU
		{EC5B198A-A6B4-4D7A-B4C3-65ED21AD8F04}.ExportRelease|Any CPU.Build.0 = Debug|Any CPU
		{EC5B198A-A6B4-4D7A-B4C3-65ED21AD8F04}.ExportRelease|x64.ActiveCfg = Debug|Any CPU
		{EC5B198A-A6B4-4D7A-B4C3-65ED21AD8F04}.ExportRelease|x64.Build.0 = Debug|Any CPU
		{EC5B198A-A6B4-4D7A-B4C3-65ED21AD8F04}.ExportRelease|x86.ActiveCfg = Debug|Any CPU
		{EC5B198A-A6B4-4D7A-B4C3-65ED21AD8F04}.ExportRelease|x86.Build.0 = Debug|Any CPU
		{EC5B198A-A6B4-4D7A-B4C3-65ED21AD8F04}.Release|Any CPU.ActiveCfg = Release|Any CPU
		{EC5B198A-A6B4-4D7A-B4C3-65ED21AD8F04}.Release|Any CPU.Build.0 = Release|Any CPU
		{EC5B198A-A6B4-4D7A-B4C3-65ED21AD8F04}.Release|x64.ActiveCfg = Release|Any CPU
		{EC5B198A-A6B4-4D7A-B4C3-65ED21AD8F04}.Release|x64.Build.0 = Release|Any CPU
		{EC5B198A-A6B4-4D7A-B4C3-65ED21AD8F04}.Release|x86.ActiveCfg = Release|Any CPU
		{EC5B198A-A6B4-4D7A-B4C3-65ED21AD8F04}.Release|x86.Build.0 = Release|Any CPU
		{69C9F61C-5644-47F8-9024-173E329CF381}.Debug|Any CPU.ActiveCfg = Debug|Any CPU
		{69C9F61C-5644-47F8-9024-173E329CF381}.Debug|Any CPU.Build.0 = Debug|Any CPU
		{69C9F61C-5644-47F8-9024-173E329CF381}.Debug|x64.ActiveCfg = Debug|Any CPU
		{69C9F61C-5644-47F8-9024-173E329CF381}.Debug|x64.Build.0 = Debug|Any CPU
		{69C9F61C-5644-47F8-9024-173E329CF381}.Debug|x86.ActiveCfg = Debug|Any CPU
		{69C9F61C-5644-47F8-9024-173E329CF381}.Debug|x86.Build.0 = Debug|Any CPU
		{69C9F61C-5644-47F8-9024-173E329CF381}.ExportDebug|Any CPU.ActiveCfg = Debug|Any CPU
		{69C9F61C-5644-47F8-9024-173E329CF381}.ExportDebug|Any CPU.Build.0 = Debug|Any CPU
		{69C9F61C-5644-47F8-9024-173E329CF381}.ExportDebug|x64.ActiveCfg = Debug|Any CPU
		{69C9F61C-5644-47F8-9024-173E329CF381}.ExportDebug|x64.Build.0 = Debug|Any CPU
		{69C9F61C-5644-47F8-9024-173E329CF381}.ExportDebug|x86.ActiveCfg = Debug|Any CPU
		{69C9F61C-5644-47F8-9024-173E329CF381}.ExportDebug|x86.Build.0 = Debug|Any CPU
		{69C9F61C-5644-47F8-9024-173E329CF381}.ExportRelease|Any CPU.ActiveCfg = Debug|Any CPU
		{69C9F61C-5644-47F8-9024-173E329CF381}.ExportRelease|Any CPU.Build.0 = Debug|Any CPU
		{69C9F61C-5644-47F8-9024-173E329CF381}.ExportRelease|x64.ActiveCfg = Debug|Any CPU
		{69C9F61C-5644-47F8-9024-173E329CF381}.ExportRelease|x64.Build.0 = Debug|Any CPU
		{69C9F61C-5644-47F8-9024-173E329CF381}.ExportRelease|x86.ActiveCfg = Debug|Any CPU
		{69C9F61C-5644-47F8-9024-173E329CF381}.ExportRelease|x86.Build.0 = Debug|Any CPU
		{69C9F61C-5644-47F8-9024-173E329CF381}.Release|Any CPU.ActiveCfg = Release|Any CPU
		{69C9F61C-5644-47F8-9024-173E329CF381}.Release|Any CPU.Build.0 = Release|Any CPU
		{69C9F61C-5644-47F8-9024-173E329CF381}.Release|x64.ActiveCfg = Release|Any CPU
		{69C9F61C-5644-47F8-9024-173E329CF381}.Release|x64.Build.0 = Release|Any CPU
		{69C9F61C-5644-47F8-9024-173E329CF381}.Release|x86.ActiveCfg = Release|Any CPU
		{69C9F61C-5644-47F8-9024-173E329CF381}.Release|x86.Build.0 = Release|Any CPU
		{3CF05FCE-F9DE-4480-BF2B-C131119532A9}.Debug|Any CPU.ActiveCfg = Debug|Any CPU
		{3CF05FCE-F9DE-4480-BF2B-C131119532A9}.Debug|Any CPU.Build.0 = Debug|Any CPU
		{3CF05FCE-F9DE-4480-BF2B-C131119532A9}.Debug|x64.ActiveCfg = Debug|Any CPU
		{3CF05FCE-F9DE-4480-BF2B-C131119532A9}.Debug|x64.Build.0 = Debug|Any CPU
		{3CF05FCE-F9DE-4480-BF2B-C131119532A9}.Debug|x86.ActiveCfg = Debug|Any CPU
		{3CF05FCE-F9DE-4480-BF2B-C131119532A9}.Debug|x86.Build.0 = Debug|Any CPU
		{3CF05FCE-F9DE-4480-BF2B-C131119532A9}.ExportDebug|Any CPU.ActiveCfg = Debug|Any CPU
		{3CF05FCE-F9DE-4480-BF2B-C131119532A9}.ExportDebug|Any CPU.Build.0 = Debug|Any CPU
		{3CF05FCE-F9DE-4480-BF2B-C131119532A9}.ExportDebug|x64.ActiveCfg = Debug|Any CPU
		{3CF05FCE-F9DE-4480-BF2B-C131119532A9}.ExportDebug|x64.Build.0 = Debug|Any CPU
		{3CF05FCE-F9DE-4480-BF2B-C131119532A9}.ExportDebug|x86.ActiveCfg = Debug|Any CPU
		{3CF05FCE-F9DE-4480-BF2B-C131119532A9}.ExportDebug|x86.Build.0 = Debug|Any CPU
		{3CF05FCE-F9DE-4480-BF2B-C131119532A9}.ExportRelease|Any CPU.ActiveCfg = Debug|Any CPU
		{3CF05FCE-F9DE-4480-BF2B-C131119532A9}.ExportRelease|Any CPU.Build.0 = Debug|Any CPU
		{3CF05FCE-F9DE-4480-BF2B-C131119532A9}.ExportRelease|x64.ActiveCfg = Debug|Any CPU
		{3CF05FCE-F9DE-4480-BF2B-C131119532A9}.ExportRelease|x64.Build.0 = Debug|Any CPU
		{3CF05FCE-F9DE-4480-BF2B-C131119532A9}.ExportRelease|x86.ActiveCfg = Debug|Any CPU
		{3CF05FCE-F9DE-4480-BF2B-C131119532A9}.ExportRelease|x86.Build.0 = Debug|Any CPU
		{3CF05FCE-F9DE-4480-BF2B-C131119532A9}.Release|Any CPU.ActiveCfg = Release|Any CPU
		{3CF05FCE-F9DE-4480-BF2B-C131119532A9}.Release|Any CPU.Build.0 = Release|Any CPU
		{3CF05FCE-F9DE-4480-BF2B-C131119532A9}.Release|x64.ActiveCfg = Release|Any CPU
		{3CF05FCE-F9DE-4480-BF2B-C131119532A9}.Release|x64.Build.0 = Release|Any CPU
		{3CF05FCE-F9DE-4480-BF2B-C131119532A9}.Release|x86.ActiveCfg = Release|Any CPU
		{3CF05FCE-F9DE-4480-BF2B-C131119532A9}.Release|x86.Build.0 = Release|Any CPU
		{B98613A8-7E53-4D43-93B6-68BB40A1C5AE}.Debug|Any CPU.ActiveCfg = Debug|Any CPU
		{B98613A8-7E53-4D43-93B6-68BB40A1C5AE}.Debug|Any CPU.Build.0 = Debug|Any CPU
		{B98613A8-7E53-4D43-93B6-68BB40A1C5AE}.Debug|x64.ActiveCfg = Debug|Any CPU
		{B98613A8-7E53-4D43-93B6-68BB40A1C5AE}.Debug|x64.Build.0 = Debug|Any CPU
		{B98613A8-7E53-4D43-93B6-68BB40A1C5AE}.Debug|x86.ActiveCfg = Debug|Any CPU
		{B98613A8-7E53-4D43-93B6-68BB40A1C5AE}.Debug|x86.Build.0 = Debug|Any CPU
		{B98613A8-7E53-4D43-93B6-68BB40A1C5AE}.ExportDebug|Any CPU.ActiveCfg = Debug|Any CPU
		{B98613A8-7E53-4D43-93B6-68BB40A1C5AE}.ExportDebug|Any CPU.Build.0 = Debug|Any CPU
		{B98613A8-7E53-4D43-93B6-68BB40A1C5AE}.ExportDebug|x64.ActiveCfg = Debug|Any CPU
		{B98613A8-7E53-4D43-93B6-68BB40A1C5AE}.ExportDebug|x64.Build.0 = Debug|Any CPU
		{B98613A8-7E53-4D43-93B6-68BB40A1C5AE}.ExportDebug|x86.ActiveCfg = Debug|Any CPU
		{B98613A8-7E53-4D43-93B6-68BB40A1C5AE}.ExportDebug|x86.Build.0 = Debug|Any CPU
		{B98613A8-7E53-4D43-93B6-68BB40A1C5AE}.ExportRelease|Any CPU.ActiveCfg = Debug|Any CPU
		{B98613A8-7E53-4D43-93B6-68BB40A1C5AE}.ExportRelease|Any CPU.Build.0 = Debug|Any CPU
		{B98613A8-7E53-4D43-93B6-68BB40A1C5AE}.ExportRelease|x64.ActiveCfg = Debug|Any CPU
		{B98613A8-7E53-4D43-93B6-68BB40A1C5AE}.ExportRelease|x64.Build.0 = Debug|Any CPU
		{B98613A8-7E53-4D43-93B6-68BB40A1C5AE}.ExportRelease|x86.ActiveCfg = Debug|Any CPU
		{B98613A8-7E53-4D43-93B6-68BB40A1C5AE}.ExportRelease|x86.Build.0 = Debug|Any CPU
		{B98613A8-7E53-4D43-93B6-68BB40A1C5AE}.Release|Any CPU.ActiveCfg = Release|Any CPU
		{B98613A8-7E53-4D43-93B6-68BB40A1C5AE}.Release|Any CPU.Build.0 = Release|Any CPU
		{B98613A8-7E53-4D43-93B6-68BB40A1C5AE}.Release|x64.ActiveCfg = Release|Any CPU
		{B98613A8-7E53-4D43-93B6-68BB40A1C5AE}.Release|x64.Build.0 = Release|Any CPU
		{B98613A8-7E53-4D43-93B6-68BB40A1C5AE}.Release|x86.ActiveCfg = Release|Any CPU
		{B98613A8-7E53-4D43-93B6-68BB40A1C5AE}.Release|x86.Build.0 = Release|Any CPU
		{E9D10B34-33F3-41FB-BE0A-E1B5BE3D5024}.Debug|Any CPU.ActiveCfg = Debug|Any CPU
		{E9D10B34-33F3-41FB-BE0A-E1B5BE3D5024}.Debug|Any CPU.Build.0 = Debug|Any CPU
		{E9D10B34-33F3-41FB-BE0A-E1B5BE3D5024}.Debug|x64.ActiveCfg = Debug|Any CPU
		{E9D10B34-33F3-41FB-BE0A-E1B5BE3D5024}.Debug|x64.Build.0 = Debug|Any CPU
		{E9D10B34-33F3-41FB-BE0A-E1B5BE3D5024}.Debug|x86.ActiveCfg = Debug|Any CPU
		{E9D10B34-33F3-41FB-BE0A-E1B5BE3D5024}.Debug|x86.Build.0 = Debug|Any CPU
		{E9D10B34-33F3-41FB-BE0A-E1B5BE3D5024}.ExportDebug|Any CPU.ActiveCfg = Debug|Any CPU
		{E9D10B34-33F3-41FB-BE0A-E1B5BE3D5024}.ExportDebug|Any CPU.Build.0 = Debug|Any CPU
		{E9D10B34-33F3-41FB-BE0A-E1B5BE3D5024}.ExportDebug|x64.ActiveCfg = Debug|Any CPU
		{E9D10B34-33F3-41FB-BE0A-E1B5BE3D5024}.ExportDebug|x64.Build.0 = Debug|Any CPU
		{E9D10B34-33F3-41FB-BE0A-E1B5BE3D5024}.ExportDebug|x86.ActiveCfg = Debug|Any CPU
		{E9D10B34-33F3-41FB-BE0A-E1B5BE3D5024}.ExportDebug|x86.Build.0 = Debug|Any CPU
		{E9D10B34-33F3-41FB-BE0A-E1B5BE3D5024}.ExportRelease|Any CPU.ActiveCfg = Debug|Any CPU
		{E9D10B34-33F3-41FB-BE0A-E1B5BE3D5024}.ExportRelease|Any CPU.Build.0 = Debug|Any CPU
		{E9D10B34-33F3-41FB-BE0A-E1B5BE3D5024}.ExportRelease|x64.ActiveCfg = Debug|Any CPU
		{E9D10B34-33F3-41FB-BE0A-E1B5BE3D5024}.ExportRelease|x64.Build.0 = Debug|Any CPU
		{E9D10B34-33F3-41FB-BE0A-E1B5BE3D5024}.ExportRelease|x86.ActiveCfg = Debug|Any CPU
		{E9D10B34-33F3-41FB-BE0A-E1B5BE3D5024}.ExportRelease|x86.Build.0 = Debug|Any CPU
		{E9D10B34-33F3-41FB-BE0A-E1B5BE3D5024}.Release|Any CPU.ActiveCfg = Release|Any CPU
		{E9D10B34-33F3-41FB-BE0A-E1B5BE3D5024}.Release|Any CPU.Build.0 = Release|Any CPU
		{E9D10B34-33F3-41FB-BE0A-E1B5BE3D5024}.Release|x64.ActiveCfg = Release|Any CPU
		{E9D10B34-33F3-41FB-BE0A-E1B5BE3D5024}.Release|x64.Build.0 = Release|Any CPU
		{E9D10B34-33F3-41FB-BE0A-E1B5BE3D5024}.Release|x86.ActiveCfg = Release|Any CPU
		{E9D10B34-33F3-41FB-BE0A-E1B5BE3D5024}.Release|x86.Build.0 = Release|Any CPU
		{FC426F51-9EAE-4C10-B94C-1633B3489152}.Debug|Any CPU.ActiveCfg = Debug|Any CPU
		{FC426F51-9EAE-4C10-B94C-1633B3489152}.Debug|Any CPU.Build.0 = Debug|Any CPU
		{FC426F51-9EAE-4C10-B94C-1633B3489152}.Debug|x64.ActiveCfg = Debug|Any CPU
		{FC426F51-9EAE-4C10-B94C-1633B3489152}.Debug|x64.Build.0 = Debug|Any CPU
		{FC426F51-9EAE-4C10-B94C-1633B3489152}.Debug|x86.ActiveCfg = Debug|Any CPU
		{FC426F51-9EAE-4C10-B94C-1633B3489152}.Debug|x86.Build.0 = Debug|Any CPU
		{FC426F51-9EAE-4C10-B94C-1633B3489152}.ExportDebug|Any CPU.ActiveCfg = Debug|Any CPU
		{FC426F51-9EAE-4C10-B94C-1633B3489152}.ExportDebug|Any CPU.Build.0 = Debug|Any CPU
		{FC426F51-9EAE-4C10-B94C-1633B3489152}.ExportDebug|x64.ActiveCfg = Debug|Any CPU
		{FC426F51-9EAE-4C10-B94C-1633B3489152}.ExportDebug|x64.Build.0 = Debug|Any CPU
		{FC426F51-9EAE-4C10-B94C-1633B3489152}.ExportDebug|x86.ActiveCfg = Debug|Any CPU
		{FC426F51-9EAE-4C10-B94C-1633B3489152}.ExportDebug|x86.Build.0 = Debug|Any CPU
		{FC426F51-9EAE-4C10-B94C-1633B3489152}.ExportRelease|Any CPU.ActiveCfg = Debug|Any CPU
		{FC426F51-9EAE-4C10-B94C-1633B3489152}.ExportRelease|Any CPU.Build.0 = Debug|Any CPU
		{FC426F51-9EAE-4C10-B94C-1633B3489152}.ExportRelease|x64.ActiveCfg = Debug|Any CPU
		{FC426F51-9EAE-4C10-B94C-1633B3489152}.ExportRelease|x64.Build.0 = Debug|Any CPU
		{FC426F51-9EAE-4C10-B94C-1633B3489152}.ExportRelease|x86.ActiveCfg = Debug|Any CPU
		{FC426F51-9EAE-4C10-B94C-1633B3489152}.ExportRelease|x86.Build.0 = Debug|Any CPU
		{FC426F51-9EAE-4C10-B94C-1633B3489152}.Release|Any CPU.ActiveCfg = Release|Any CPU
		{FC426F51-9EAE-4C10-B94C-1633B3489152}.Release|Any CPU.Build.0 = Release|Any CPU
		{FC426F51-9EAE-4C10-B94C-1633B3489152}.Release|x64.ActiveCfg = Release|Any CPU
		{FC426F51-9EAE-4C10-B94C-1633B3489152}.Release|x64.Build.0 = Release|Any CPU
		{FC426F51-9EAE-4C10-B94C-1633B3489152}.Release|x86.ActiveCfg = Release|Any CPU
		{FC426F51-9EAE-4C10-B94C-1633B3489152}.Release|x86.Build.0 = Release|Any CPU
		{B0FF2393-12AD-49EE-9FA5-C05749BA2FE2}.Debug|Any CPU.ActiveCfg = Debug|Any CPU
		{B0FF2393-12AD-49EE-9FA5-C05749BA2FE2}.Debug|Any CPU.Build.0 = Debug|Any CPU
		{B0FF2393-12AD-49EE-9FA5-C05749BA2FE2}.Debug|x64.ActiveCfg = Debug|Any CPU
		{B0FF2393-12AD-49EE-9FA5-C05749BA2FE2}.Debug|x64.Build.0 = Debug|Any CPU
		{B0FF2393-12AD-49EE-9FA5-C05749BA2FE2}.Debug|x86.ActiveCfg = Debug|Any CPU
		{B0FF2393-12AD-49EE-9FA5-C05749BA2FE2}.Debug|x86.Build.0 = Debug|Any CPU
		{B0FF2393-12AD-49EE-9FA5-C05749BA2FE2}.ExportDebug|Any CPU.ActiveCfg = Debug|Any CPU
		{B0FF2393-12AD-49EE-9FA5-C05749BA2FE2}.ExportDebug|Any CPU.Build.0 = Debug|Any CPU
		{B0FF2393-12AD-49EE-9FA5-C05749BA2FE2}.ExportDebug|x64.ActiveCfg = Debug|Any CPU
		{B0FF2393-12AD-49EE-9FA5-C05749BA2FE2}.ExportDebug|x64.Build.0 = Debug|Any CPU
		{B0FF2393-12AD-49EE-9FA5-C05749BA2FE2}.ExportDebug|x86.ActiveCfg = Debug|Any CPU
		{B0FF2393-12AD-49EE-9FA5-C05749BA2FE2}.ExportDebug|x86.Build.0 = Debug|Any CPU
		{B0FF2393-12AD-49EE-9FA5-C05749BA2FE2}.ExportRelease|Any CPU.ActiveCfg = Debug|Any CPU
		{B0FF2393-12AD-49EE-9FA5-C05749BA2FE2}.ExportRelease|Any CPU.Build.0 = Debug|Any CPU
		{B0FF2393-12AD-49EE-9FA5-C05749BA2FE2}.ExportRelease|x64.ActiveCfg = Debug|Any CPU
		{B0FF2393-12AD-49EE-9FA5-C05749BA2FE2}.ExportRelease|x64.Build.0 = Debug|Any CPU
		{B0FF2393-12AD-49EE-9FA5-C05749BA2FE2}.ExportRelease|x86.ActiveCfg = Debug|Any CPU
		{B0FF2393-12AD-49EE-9FA5-C05749BA2FE2}.ExportRelease|x86.Build.0 = Debug|Any CPU
		{B0FF2393-12AD-49EE-9FA5-C05749BA2FE2}.Release|Any CPU.ActiveCfg = Release|Any CPU
		{B0FF2393-12AD-49EE-9FA5-C05749BA2FE2}.Release|Any CPU.Build.0 = Release|Any CPU
		{B0FF2393-12AD-49EE-9FA5-C05749BA2FE2}.Release|x64.ActiveCfg = Release|Any CPU
		{B0FF2393-12AD-49EE-9FA5-C05749BA2FE2}.Release|x64.Build.0 = Release|Any CPU
		{B0FF2393-12AD-49EE-9FA5-C05749BA2FE2}.Release|x86.ActiveCfg = Release|Any CPU
		{B0FF2393-12AD-49EE-9FA5-C05749BA2FE2}.Release|x86.Build.0 = Release|Any CPU
		{EFE9EEE0-28C6-4840-B8C5-D8ACE85D7480}.Debug|Any CPU.ActiveCfg = Debug|Any CPU
		{EFE9EEE0-28C6-4840-B8C5-D8ACE85D7480}.Debug|Any CPU.Build.0 = Debug|Any CPU
		{EFE9EEE0-28C6-4840-B8C5-D8ACE85D7480}.Debug|x64.ActiveCfg = Debug|Any CPU
		{EFE9EEE0-28C6-4840-B8C5-D8ACE85D7480}.Debug|x64.Build.0 = Debug|Any CPU
		{EFE9EEE0-28C6-4840-B8C5-D8ACE85D7480}.Debug|x86.ActiveCfg = Debug|Any CPU
		{EFE9EEE0-28C6-4840-B8C5-D8ACE85D7480}.Debug|x86.Build.0 = Debug|Any CPU
		{EFE9EEE0-28C6-4840-B8C5-D8ACE85D7480}.ExportDebug|Any CPU.ActiveCfg = Debug|Any CPU
		{EFE9EEE0-28C6-4840-B8C5-D8ACE85D7480}.ExportDebug|Any CPU.Build.0 = Debug|Any CPU
		{EFE9EEE0-28C6-4840-B8C5-D8ACE85D7480}.ExportDebug|x64.ActiveCfg = Debug|Any CPU
		{EFE9EEE0-28C6-4840-B8C5-D8ACE85D7480}.ExportDebug|x64.Build.0 = Debug|Any CPU
		{EFE9EEE0-28C6-4840-B8C5-D8ACE85D7480}.ExportDebug|x86.ActiveCfg = Debug|Any CPU
		{EFE9EEE0-28C6-4840-B8C5-D8ACE85D7480}.ExportDebug|x86.Build.0 = Debug|Any CPU
		{EFE9EEE0-28C6-4840-B8C5-D8ACE85D7480}.ExportRelease|Any CPU.ActiveCfg = Debug|Any CPU
		{EFE9EEE0-28C6-4840-B8C5-D8ACE85D7480}.ExportRelease|Any CPU.Build.0 = Debug|Any CPU
		{EFE9EEE0-28C6-4840-B8C5-D8ACE85D7480}.ExportRelease|x64.ActiveCfg = Debug|Any CPU
		{EFE9EEE0-28C6-4840-B8C5-D8ACE85D7480}.ExportRelease|x64.Build.0 = Debug|Any CPU
		{EFE9EEE0-28C6-4840-B8C5-D8ACE85D7480}.ExportRelease|x86.ActiveCfg = Debug|Any CPU
		{EFE9EEE0-28C6-4840-B8C5-D8ACE85D7480}.ExportRelease|x86.Build.0 = Debug|Any CPU
		{EFE9EEE0-28C6-4840-B8C5-D8ACE85D7480}.Release|Any CPU.ActiveCfg = Release|Any CPU
		{EFE9EEE0-28C6-4840-B8C5-D8ACE85D7480}.Release|Any CPU.Build.0 = Release|Any CPU
		{EFE9EEE0-28C6-4840-B8C5-D8ACE85D7480}.Release|x64.ActiveCfg = Release|Any CPU
		{EFE9EEE0-28C6-4840-B8C5-D8ACE85D7480}.Release|x64.Build.0 = Release|Any CPU
		{EFE9EEE0-28C6-4840-B8C5-D8ACE85D7480}.Release|x86.ActiveCfg = Release|Any CPU
		{EFE9EEE0-28C6-4840-B8C5-D8ACE85D7480}.Release|x86.Build.0 = Release|Any CPU
	EndGlobalSection
	GlobalSection(SolutionProperties) = preSolution
		HideSolutionNode = FALSE
	EndGlobalSection
	GlobalSection(NestedProjects) = preSolution
		{B1000001-0001-0001-0001-000000000001} = {A1B2C3D4-0001-0001-0001-000000000001}
		{B1000001-0010-0001-0001-000000000001} = {A1B2C3D4-0001-0001-0001-000000000001}
		{B2000001-0001-0001-0001-000000000001} = {A1B2C3D4-0001-0001-0001-000000000002}
		{B2000001-0010-0001-0001-000000000001} = {A1B2C3D4-0001-0001-0001-000000000002}
		{B2000001-0010-0001-0001-000000000002} = {A1B2C3D4-0001-0001-0001-000000000002}
		{B3000001-0001-0001-0001-000000000001} = {A1B2C3D4-0001-0001-0001-000000000003}
		{B4000001-0001-0001-0001-000000000001} = {A1B2C3D4-0001-0001-0001-000000000004}
		{B4000001-0010-0001-0001-000000000001} = {A1B2C3D4-0001-0001-0001-000000000004}
		{B4000001-0010-0001-0001-000000000002} = {A1B2C3D4-0001-0001-0001-000000000004}
		{B5000001-0001-0001-0001-000000000001} = {A1B2C3D4-0001-0001-0001-000000000005}
		{ACBB5B7B-48A5-4CB4-8482-EA621A0E9852} = {A1B2C3D4-0001-0001-0001-000000000001}
		{128F58BC-7B69-47DB-9DC6-8F175DE23179} = {A1B2C3D4-0001-0001-0001-000000000001}
		{47F55626-6FDB-46FF-B94D-10B7B5AAF14B} = {A1B2C3D4-0001-0001-0001-000000000002}
		{B7768550-7F0F-4A8B-B880-3F85379C06F1} = {A1B2C3D4-0001-0001-0001-000000000004}
		{713F0ABE-284E-410B-B61C-13449BE43531} = {A1B2C3D4-0001-0001-0001-000000000001}
		{85C7E753-C0F6-43A4-98F8-97EA0ADA9875} = {A1B2C3D4-0001-0001-0001-000000000002}
		{2607B314-AA56-492C-920E-9D2361EFECDF} = {A1B2C3D4-0001-0001-0001-000000000004}
		{1E1433A4-886C-43F2-900A-64210E5DC001} = {A1B2C3D4-0001-0001-0001-000000000002}
		{1CAC4196-BF6E-4ADC-A397-741BE2322A9C} = {A1B2C3D4-0001-0001-0001-000000000001}
		{65A26A22-3DEB-4F88-AEAE-B6AF910D746E} = {A1B2C3D4-0001-0001-0001-000000000001}
		{EC5B198A-A6B4-4D7A-B4C3-65ED21AD8F04} = {A1B2C3D4-0001-0001-0001-000000000001}
		{69C9F61C-5644-47F8-9024-173E329CF381} = {A1B2C3D4-0001-0001-0001-000000000001}
		{3CF05FCE-F9DE-4480-BF2B-C131119532A9} = {A1B2C3D4-0001-0001-0001-000000000001}
		{B98613A8-7E53-4D43-93B6-68BB40A1C5AE} = {A1B2C3D4-0001-0001-0001-000000000001}
		{E9D10B34-33F3-41FB-BE0A-E1B5BE3D5024} = {A1B2C3D4-0001-0001-0001-000000000001}
		{FC426F51-9EAE-4C10-B94C-1633B3489152} = {A1B2C3D4-0001-0001-0001-000000000001}
		{B0FF2393-12AD-49EE-9FA5-C05749BA2FE2} = {A1B2C3D4-0001-0001-0001-000000000002}
		{EFE9EEE0-28C6-4840-B8C5-D8ACE85D7480} = {A1B2C3D4-0001-0001-0001-000000000001}
	EndGlobalSection
EndGlobal
